
Microsoft Visual Studio Solution File, Format Version 12.00
# Visual Studio Version 16
VisualStudioVersion = 16.0.29519.87
MinimumVisualStudioVersion = 10.0.40219.1
Project("{8BC9CEB8-8B4A-11D0-8D11-00A0C91BC942}") = "StructFileWriteRead", "StructFileWriteRead\StructFileWriteRead.vcxproj", "{A3F59503-CD38-43CC-871F-5D4AC1832424}"
EndProject
Project("{8BC9CEB8-8B4A-11D0-8D11-00A0C91BC942}") = "FirstFileWrite", "FirstFileWrite\FirstFileWrite.vcxproj", "{2BB43596-18D1-41EE-B2CC-739BBA759301}"
EndProject
Project("{8BC9CEB8-8B4A-11D0-8D11-00A0C91BC942}") = "FirstFileRead", "FirstFileRead\FirstFileRead.vcxproj", "{F7C5C82A-ECAB-4A98-8DD2-9254FE3736BC}"
EndProject
Project("{8BC9CEB8-8B4A-11D0-8D11-00A0C91BC942}") = "TextDataFileWrite", "TextDataFileWrite\TextDataFileWrite.vcxproj", "{688DB0F5-549D-4263-BB25-772C4169398B}"
EndProject
Project("{8BC9CEB8-8B4A-11D0-8D11-00A0C91BC942}") = "TextDataFileRead", "TextDataFileRead\TextDataFileRead.vcxproj", "{F8C7C754-334D-46BB-9E57-44ED54110FA6}"
EndProject
Project("{8BC9CEB8-8B4A-11D0-8D11-00A0C91BC942}") = "TextCharFileCopy", "TextCharFileCopy\TextCharFileCopy.vcxproj", "{069881A3-EE6E-4EB1-9256-61FE01F1413A}"
EndProject
Project("{8BC9CEB8-8B4A-11D0-8D11-00A0C91BC942}") = "TextStringFileCopy", "TextStringFileCopy\TextStringFileCopy.vcxproj", "{68F226FD-988D-430A-BBBC-5AEDE3B28C07}"
EndProject
Project("{8BC9CEB8-8B4A-11D0-8D11-00A0C91BC942}") = "BinaryFileCopy", "BinaryFileCopy\BinaryFileCopy.vcxproj", "{73C2030B-C24A-41A7-A445-3C7FDF947163}"
EndProject
Project("{8BC9CEB8-8B4A-11D0-8D11-00A0C91BC942}") = "Question24_1_1", "Question24_1_1\Question24_1_1.vcxproj", "{95900B8F-1FF0-4D17-8653-07BB26A93DFE}"
EndProject
Project("{8BC9CEB8-8B4A-11D0-8D11-00A0C91BC942}") = "Question24_1_2", "Question24_1_2\Question24_1_2.vcxproj", "{0639870B-9DF3-4F25-B44D-47C7E7B2C1CF}"
EndProject
Project("{8BC9CEB8-8B4A-11D0-8D11-00A0C91BC942}") = "Question24_1_3", "Question24_1_3\Question24_1_3.vcxproj", "{9BC41F78-8BDC-4B3F-8EAB-2B7E1FF509DF}"
EndProject
Project("{8BC9CEB8-8B4A-11D0-8D11-00A0C91BC942}") = "ComplexFileWrite", "ComplexFileWrite\ComplexFileWrite.vcxproj", "{58334C5B-49ED-4564-9048-AC7F1EED937B}"
EndProject
Project("{8BC9CEB8-8B4A-11D0-8D11-00A0C91BC942}") = "ComplexFileRead", "ComplexFileRead\ComplexFileRead.vcxproj", "{83A3067B-8B75-42D4-899A-97C72F7783DA}"
EndProject
Project("{8BC9CEB8-8B4A-11D0-8D11-00A0C91BC942}") = "MoveFileReWrPos", "MoveFileReWrPos\MoveFileReWrPos.vcxproj", "{79B810B6-6754-4493-909F-32C6FBA7B7FA}"
EndProject
Project("{8BC9CEB8-8B4A-11D0-8D11-00A0C91BC942}") = "TellFileReWrPos", "TellFileReWrPos\TellFileReWrPos.vcxproj", "{4480D23E-3BA6-4D0C-B6D5-B4B569CDB0B7}"
EndProject
Project("{8BC9CEB8-8B4A-11D0-8D11-00A0C91BC942}") = "Question24_2_1", "Question24_2_1\Question24_2_1.vcxproj", "{D718A789-D92B-4C72-80A5-4BFFC2E54797}"
EndProject
Global
	GlobalSection(SolutionConfigurationPlatforms) = preSolution
		Debug|x64 = Debug|x64
		Debug|x86 = Debug|x86
		Release|x64 = Release|x64
		Release|x86 = Release|x86
	EndGlobalSection
	GlobalSection(ProjectConfigurationPlatforms) = postSolution
		{A3F59503-CD38-43CC-871F-5D4AC1832424}.Debug|x64.ActiveCfg = Debug|x64
		{A3F59503-CD38-43CC-871F-5D4AC1832424}.Debug|x64.Build.0 = Debug|x64
		{A3F59503-CD38-43CC-871F-5D4AC1832424}.Debug|x86.ActiveCfg = Debug|Win32
		{A3F59503-CD38-43CC-871F-5D4AC1832424}.Debug|x86.Build.0 = Debug|Win32
		{A3F59503-CD38-43CC-871F-5D4AC1832424}.Release|x64.ActiveCfg = Release|x64
		{A3F59503-CD38-43CC-871F-5D4AC1832424}.Release|x64.Build.0 = Release|x64
		{A3F59503-CD38-43CC-871F-5D4AC1832424}.Release|x86.ActiveCfg = Release|Win32
		{A3F59503-CD38-43CC-871F-5D4AC1832424}.Release|x86.Build.0 = Release|Win32
		{2BB43596-18D1-41EE-B2CC-739BBA759301}.Debug|x64.ActiveCfg = Debug|x64
		{2BB43596-18D1-41EE-B2CC-739BBA759301}.Debug|x64.Build.0 = Debug|x64
		{2BB43596-18D1-41EE-B2CC-739BBA759301}.Debug|x86.ActiveCfg = Debug|Win32
		{2BB43596-18D1-41EE-B2CC-739BBA759301}.Debug|x86.Build.0 = Debug|Win32
		{2BB43596-18D1-41EE-B2CC-739BBA759301}.Release|x64.ActiveCfg = Release|x64
		{2BB43596-18D1-41EE-B2CC-739BBA759301}.Release|x64.Build.0 = Release|x64
		{2BB43596-18D1-41EE-B2CC-739BBA759301}.Release|x86.ActiveCfg = Release|Win32
		{2BB43596-18D1-41EE-B2CC-739BBA759301}.Release|x86.Build.0 = Release|Win32
		{F7C5C82A-ECAB-4A98-8DD2-9254FE3736BC}.Debug|x64.ActiveCfg = Debug|x64
		{F7C5C82A-ECAB-4A98-8DD2-9254FE3736BC}.Debug|x64.Build.0 = Debug|x64
		{F7C5C82A-ECAB-4A98-8DD2-9254FE3736BC}.Debug|x86.ActiveCfg = Debug|Win32
		{F7C5C82A-ECAB-4A98-8DD2-9254FE3736BC}.Debug|x86.Build.0 = Debug|Win32
		{F7C5C82A-ECAB-4A98-8DD2-9254FE3736BC}.Release|x64.ActiveCfg = Release|x64
		{F7C5C82A-ECAB-4A98-8DD2-9254FE3736BC}.Release|x64.Build.0 = Release|x64
		{F7C5C82A-ECAB-4A98-8DD2-9254FE3736BC}.Release|x86.ActiveCfg = Release|Win32
		{F7C5C82A-ECAB-4A98-8DD2-9254FE3736BC}.Release|x86.Build.0 = Release|Win32
		{688DB0F5-549D-4263-BB25-772C4169398B}.Debug|x64.ActiveCfg = Debug|x64
		{688DB0F5-549D-4263-BB25-772C4169398B}.Debug|x64.Build.0 = Debug|x64
		{688DB0F5-549D-4263-BB25-772C4169398B}.Debug|x86.ActiveCfg = Debug|Win32
		{688DB0F5-549D-4263-BB25-772C4169398B}.Debug|x86.Build.0 = Debug|Win32
		{688DB0F5-549D-4263-BB25-772C4169398B}.Release|x64.ActiveCfg = Release|x64
		{688DB0F5-549D-4263-BB25-772C4169398B}.Release|x64.Build.0 = Release|x64
		{688DB0F5-549D-4263-BB25-772C4169398B}.Release|x86.ActiveCfg = Release|Win32
		{688DB0F5-549D-4263-BB25-772C4169398B}.Release|x86.Build.0 = Release|Win32
		{F8C7C754-334D-46BB-9E57-44ED54110FA6}.Debug|x64.ActiveCfg = Debug|x64
		{F8C7C754-334D-46BB-9E57-44ED54110FA6}.Debug|x64.Build.0 = Debug|x64
		{F8C7C754-334D-46BB-9E57-44ED54110FA6}.Debug|x86.ActiveCfg = Debug|Win32
		{F8C7C754-334D-46BB-9E57-44ED54110FA6}.Debug|x86.Build.0 = Debug|Win32
		{F8C7C754-334D-46BB-9E57-44ED54110FA6}.Release|x64.ActiveCfg = Release|x64
		{F8C7C754-334D-46BB-9E57-44ED54110FA6}.Release|x64.Build.0 = Release|x64
		{F8C7C754-334D-46BB-9E57-44ED54110FA6}.Release|x86.ActiveCfg = Release|Win32
		{F8C7C754-334D-46BB-9E57-44ED54110FA6}.Release|x86.Build.0 = Release|Win32
		{069881A3-EE6E-4EB1-9256-61FE01F1413A}.Debug|x64.ActiveCfg = Debug|x64
		{069881A3-EE6E-4EB1-9256-61FE01F1413A}.Debug|x64.Build.0 = Debug|x64
		{069881A3-EE6E-4EB1-9256-61FE01F1413A}.Debug|x86.ActiveCfg = Debug|Win32
		{069881A3-EE6E-4EB1-9256-61FE01F1413A}.Debug|x86.Build.0 = Debug|Win32
		{069881A3-EE6E-4EB1-9256-61FE01F1413A}.Release|x64.ActiveCfg = Release|x64
		{069881A3-EE6E-4EB1-9256-61FE01F1413A}.Release|x64.Build.0 = Release|x64
		{069881A3-EE6E-4EB1-9256-61FE01F1413A}.Release|x86.ActiveCfg = Release|Win32
		{069881A3-EE6E-4EB1-9256-61FE01F1413A}.Release|x86.Build.0 = Release|Win32
		{68F226FD-988D-430A-BBBC-5AEDE3B28C07}.Debug|x64.ActiveCfg = Debug|x64
		{68F226FD-988D-430A-BBBC-5AEDE3B28C07}.Debug|x64.Build.0 = Debug|x64
		{68F226FD-988D-430A-BBBC-5AEDE3B28C07}.Debug|x86.ActiveCfg = Debug|Win32
		{68F226FD-988D-430A-BBBC-5AEDE3B28C07}.Debug|x86.Build.0 = Debug|Win32
		{68F226FD-988D-430A-BBBC-5AEDE3B28C07}.Release|x64.ActiveCfg = Release|x64
		{68F226FD-988D-430A-BBBC-5AEDE3B28C07}.Release|x64.Build.0 = Release|x64
		{68F226FD-988D-430A-BBBC-5AEDE3B28C07}.Release|x86.ActiveCfg = Release|Win32
		{68F226FD-988D-430A-BBBC-5AEDE3B28C07}.Release|x86.Build.0 = Release|Win32
		{73C2030B-C24A-41A7-A445-3C7FDF947163}.Debug|x64.ActiveCfg = Debug|x64
		{73C2030B-C24A-41A7-A445-3C7FDF947163}.Debug|x64.Build.0 = Debug|x64
		{73C2030B-C24A-41A7-A445-3C7FDF947163}.Debug|x86.ActiveCfg = Debug|Win32
		{73C2030B-C24A-41A7-A445-3C7FDF947163}.Debug|x86.Build.0 = Debug|Win32
		{73C2030B-C24A-41A7-A445-3C7FDF947163}.Release|x64.ActiveCfg = Release|x64
		{73C2030B-C24A-41A7-A445-3C7FDF947163}.Release|x64.Build.0 = Release|x64
		{73C2030B-C24A-41A7-A445-3C7FDF947163}.Release|x86.ActiveCfg = Release|Win32
		{73C2030B-C24A-41A7-A445-3C7FDF947163}.Release|x86.Build.0 = Release|Win32
		{95900B8F-1FF0-4D17-8653-07BB26A93DFE}.Debug|x64.ActiveCfg = Debug|x64
		{95900B8F-1FF0-4D17-8653-07BB26A93DFE}.Debug|x64.Build.0 = Debug|x64
		{95900B8F-1FF0-4D17-8653-07BB26A93DFE}.Debug|x86.ActiveCfg = Debug|Win32
		{95900B8F-1FF0-4D17-8653-07BB26A93DFE}.Debug|x86.Build.0 = Debug|Win32
		{95900B8F-1FF0-4D17-8653-07BB26A93DFE}.Release|x64.ActiveCfg = Release|x64
		{95900B8F-1FF0-4D17-8653-07BB26A93DFE}.Release|x64.Build.0 = Release|x64
		{95900B8F-1FF0-4D17-8653-07BB26A93DFE}.Release|x86.ActiveCfg = Release|Win32
		{95900B8F-1FF0-4D17-8653-07BB26A93DFE}.Release|x86.Build.0 = Release|Win32
		{0639870B-9DF3-4F25-B44D-47C7E7B2C1CF}.Debug|x64.ActiveCfg = Debug|x64
		{0639870B-9DF3-4F25-B44D-47C7E7B2C1CF}.Debug|x64.Build.0 = Debug|x64
		{0639870B-9DF3-4F25-B44D-47C7E7B2C1CF}.Debug|x86.ActiveCfg = Debug|Win32
		{0639870B-9DF3-4F25-B44D-47C7E7B2C1CF}.Debug|x86.Build.0 = Debug|Win32
		{0639870B-9DF3-4F25-B44D-47C7E7B2C1CF}.Release|x64.ActiveCfg = Release|x64
		{0639870B-9DF3-4F25-B44D-47C7E7B2C1CF}.Release|x64.Build.0 = Release|x64
		{0639870B-9DF3-4F25-B44D-47C7E7B2C1CF}.Release|x86.ActiveCfg = Release|Win32
		{0639870B-9DF3-4F25-B44D-47C7E7B2C1CF}.Release|x86.Build.0 = Release|Win32
		{9BC41F78-8BDC-4B3F-8EAB-2B7E1FF509DF}.Debug|x64.ActiveCfg = Debug|x64
		{9BC41F78-8BDC-4B3F-8EAB-2B7E1FF509DF}.Debug|x64.Build.0 = Debug|x64
		{9BC41F78-8BDC-4B3F-8EAB-2B7E1FF509DF}.Debug|x86.ActiveCfg = Debug|Win32
		{9BC41F78-8BDC-4B3F-8EAB-2B7E1FF509DF}.Debug|x86.Build.0 = Debug|Win32
		{9BC41F78-8BDC-4B3F-8EAB-2B7E1FF509DF}.Release|x64.ActiveCfg = Release|x64
		{9BC41F78-8BDC-4B3F-8EAB-2B7E1FF509DF}.Release|x64.Build.0 = Release|x64
		{9BC41F78-8BDC-4B3F-8EAB-2B7E1FF509DF}.Release|x86.ActiveCfg = Release|Win32
		{9BC41F78-8BDC-4B3F-8EAB-2B7E1FF509DF}.Release|x86.Build.0 = Release|Win32
		{58334C5B-49ED-4564-9048-AC7F1EED937B}.Debug|x64.ActiveCfg = Debug|x64
		{58334C5B-49ED-4564-9048-AC7F1EED937B}.Debug|x64.Build.0 = Debug|x64
		{58334C5B-49ED-4564-9048-AC7F1EED937B}.Debug|x86.ActiveCfg = Debug|Win32
		{58334C5B-49ED-4564-9048-AC7F1EED937B}.Debug|x86.Build.0 = Debug|Win32
		{58334C5B-49ED-4564-9048-AC7F1EED937B}.Release|x64.ActiveCfg = Release|x64
		{58334C5B-49ED-4564-9048-AC7F1EED937B}.Release|x64.Build.0 = Release|x64
		{58334C5B-49ED-4564-9048-AC7F1EED937B}.Release|x86.ActiveCfg = Release|Win32
		{58334C5B-49ED-4564-9048-AC7F1EED937B}.Release|x86.Build.0 = Release|Win32
		{83A3067B-8B75-42D4-899A-97C72F7783DA}.Debug|x64.ActiveCfg = Debug|x64
		{83A3067B-8B75-42D4-899A-97C72F7783DA}.Debug|x64.Build.0 = Debug|x64
		{83A3067B-8B75-42D4-899A-97C72F7783DA}.Debug|x86.ActiveCfg = Debug|Win32
		{83A3067B-8B75-42D4-899A-97C72F7783DA}.Debug|x86.Build.0 = Debug|Win32
		{83A3067B-8B75-42D4-899A-97C72F7783DA}.Release|x64.ActiveCfg = Release|x64
		{83A3067B-8B75-42D4-899A-97C72F7783DA}.Release|x64.Build.0 = Release|x64
		{83A3067B-8B75-42D4-899A-97C72F7783DA}.Release|x86.ActiveCfg = Release|Win32
		{83A3067B-8B75-42D4-899A-97C72F7783DA}.Release|x86.Build.0 = Release|Win32
		{79B810B6-6754-4493-909F-32C6FBA7B7FA}.Debug|x64.ActiveCfg = Debug|x64
		{79B810B6-6754-4493-909F-32C6FBA7B7FA}.Debug|x64.Build.0 = Debug|x64
		{79B810B6-6754-4493-909F-32C6FBA7B7FA}.Debug|x86.ActiveCfg = Debug|Win32
		{79B810B6-6754-4493-909F-32C6FBA7B7FA}.Debug|x86.Build.0 = Debug|Win32
		{79B810B6-6754-4493-909F-32C6FBA7B7FA}.Release|x64.ActiveCfg = Release|x64
		{79B810B6-6754-4493-909F-32C6FBA7B7FA}.Release|x64.Build.0 = Release|x64
		{79B810B6-6754-4493-909F-32C6FBA7B7FA}.Release|x86.ActiveCfg = Release|Win32
		{79B810B6-6754-4493-909F-32C6FBA7B7FA}.Release|x86.Build.0 = Release|Win32
		{4480D23E-3BA6-4D0C-B6D5-B4B569CDB0B7}.Debug|x64.ActiveCfg = Debug|x64
		{4480D23E-3BA6-4D0C-B6D5-B4B569CDB0B7}.Debug|x64.Build.0 = Debug|x64
		{4480D23E-3BA6-4D0C-B6D5-B4B569CDB0B7}.Debug|x86.ActiveCfg = Debug|Win32
		{4480D23E-3BA6-4D0C-B6D5-B4B569CDB0B7}.Debug|x86.Build.0 = Debug|Win32
		{4480D23E-3BA6-4D0C-B6D5-B4B569CDB0B7}.Release|x64.ActiveCfg = Release|x64
		{4480D23E-3BA6-4D0C-B6D5-B4B569CDB0B7}.Release|x64.Build.0 = Release|x64
		{4480D23E-3BA6-4D0C-B6D5-B4B569CDB0B7}.Release|x86.ActiveCfg = Release|Win32
		{4480D23E-3BA6-4D0C-B6D5-B4B569CDB0B7}.Release|x86.Build.0 = Release|Win32
		{D718A789-D92B-4C72-80A5-4BFFC2E54797}.Debug|x64.ActiveCfg = Debug|x64
		{D718A789-D92B-4C72-80A5-4BFFC2E54797}.Debug|x64.Build.0 = Debug|x64
		{D718A789-D92B-4C72-80A5-4BFFC2E54797}.Debug|x86.ActiveCfg = Debug|Win32
		{D718A789-D92B-4C72-80A5-4BFFC2E54797}.Debug|x86.Build.0 = Debug|Win32
		{D718A789-D92B-4C72-80A5-4BFFC2E54797}.Release|x64.ActiveCfg = Release|x64
		{D718A789-D92B-4C72-80A5-4BFFC2E54797}.Release|x64.Build.0 = Release|x64
		{D718A789-D92B-4C72-80A5-4BFFC2E54797}.Release|x86.ActiveCfg = Release|Win32
		{D718A789-D92B-4C72-80A5-4BFFC2E54797}.Release|x86.Build.0 = Release|Win32
	EndGlobalSection
	GlobalSection(SolutionProperties) = preSolution
		HideSolutionNode = FALSE
	EndGlobalSection
	GlobalSection(ExtensibilityGlobals) = postSolution
		SolutionGuid = {51957F80-7B4C-4749-BF88-44A2EBB79B11}
	EndGlobalSection
EndGlobal
