
Microsoft Visual Studio Solution File, Format Version 12.00
# Visual Studio Version 16
VisualStudioVersion = 16.0.29411.108
MinimumVisualStudioVersion = 10.0.40219.1
Project("{8BC9CEB8-8B4A-11D0-8D11-00A0C91BC942}") = "IfBasic", "IfBasic\IfBasic.vcxproj", "{4C2D8833-9DDB-4B4E-8DE0-E65359658702}"
EndProject
Project("{8BC9CEB8-8B4A-11D0-8D11-00A0C91BC942}") = "CalOne", "CalOne\CalOne.vcxproj", "{09BCE92F-38F4-4C75-A6CF-6A546E147F85}"
EndProject
Project("{8BC9CEB8-8B4A-11D0-8D11-00A0C91BC942}") = "Mul3Mul4", "Mul3Mul4\Mul3Mul4.vcxproj", "{356B1DE3-3EF1-44B8-B07C-A295F2E021CB}"
EndProject
Project("{8BC9CEB8-8B4A-11D0-8D11-00A0C91BC942}") = "IfElseBasic", "IfElseBasic\IfElseBasic.vcxproj", "{FD14E61E-ED24-45FF-825B-59DF858608C1}"
EndProject
Project("{8BC9CEB8-8B4A-11D0-8D11-00A0C91BC942}") = "CalTwo", "CalTwo\CalTwo.vcxproj", "{2C965535-F4C7-41D1-832B-C4DDFA2A5FD4}"
EndProject
Project("{8BC9CEB8-8B4A-11D0-8D11-00A0C91BC942}") = "ThreeOperand", "ThreeOperand\ThreeOperand.vcxproj", "{8642F8B8-BA92-4115-9EFB-1D91A1B08A5C}"
EndProject
Project("{8BC9CEB8-8B4A-11D0-8D11-00A0C91BC942}") = "Question08_1_1", "Question08_1_1\Question08_1_1.vcxproj", "{E20E28A0-06D2-47BA-8E17-C9C54A9BBF56}"
EndProject
Project("{8BC9CEB8-8B4A-11D0-8D11-00A0C91BC942}") = "Question08_1_2", "Question08_1_2\Question08_1_2.vcxproj", "{78832F10-B2ED-46C8-9F5C-D3E5111AC4EC}"
EndProject
Project("{8BC9CEB8-8B4A-11D0-8D11-00A0C91BC942}") = "Question08_1_3", "Question08_1_3\Question08_1_3.vcxproj", "{D8D7FAA0-258B-4072-9C55-22A8E8F0F10E}"
EndProject
Project("{8BC9CEB8-8B4A-11D0-8D11-00A0C91BC942}") = "Question08_1_4", "Question08_1_4\Question08_1_4.vcxproj", "{B15B4CB1-58DA-4B80-96A3-B649A7D49989}"
EndProject
Project("{8BC9CEB8-8B4A-11D0-8D11-00A0C91BC942}") = "WhenOver5000", "WhenOver5000\WhenOver5000.vcxproj", "{34E3610D-1219-4CCB-BC78-C86FC0ED0EFB}"
EndProject
Project("{8BC9CEB8-8B4A-11D0-8D11-00A0C91BC942}") = "ExceptMul2Mul3", "ExceptMul2Mul3\ExceptMul2Mul3.vcxproj", "{A3C83690-2173-45D8-84D1-31173E60BEE9}"
EndProject
Project("{8BC9CEB8-8B4A-11D0-8D11-00A0C91BC942}") = "Question08_2_1", "Question08_2_1\Question08_2_1.vcxproj", "{0C12E4E4-37C5-4B42-A055-30707103D359}"
EndProject
Project("{8BC9CEB8-8B4A-11D0-8D11-00A0C91BC942}") = "Question08_2_2", "Question08_2_2\Question08_2_2.vcxproj", "{6A9C412B-EB2A-4442-9B38-1EC6C8D29265}"
EndProject
Project("{8BC9CEB8-8B4A-11D0-8D11-00A0C91BC942}") = "EnglishSchool", "EnglishSchool\EnglishSchool.vcxproj", "{4B5F4430-62DC-463E-A7F6-3D827806DA5B}"
EndProject
Project("{8BC9CEB8-8B4A-11D0-8D11-00A0C91BC942}") = "AdvanEnglishSchool", "AdvanEnglishSchool\AdvanEnglishSchool.vcxproj", "{80317662-6732-4527-B0DC-3DC2F8ADEFF2}"
EndProject
Project("{8BC9CEB8-8B4A-11D0-8D11-00A0C91BC942}") = "GoToBasic", "GoToBasic\GoToBasic.vcxproj", "{53A87019-CC16-42A0-9621-82E6A603369A}"
EndProject
Global
	GlobalSection(SolutionConfigurationPlatforms) = preSolution
		Debug|x64 = Debug|x64
		Debug|x86 = Debug|x86
		Release|x64 = Release|x64
		Release|x86 = Release|x86
	EndGlobalSection
	GlobalSection(ProjectConfigurationPlatforms) = postSolution
		{4C2D8833-9DDB-4B4E-8DE0-E65359658702}.Debug|x64.ActiveCfg = Debug|x64
		{4C2D8833-9DDB-4B4E-8DE0-E65359658702}.Debug|x64.Build.0 = Debug|x64
		{4C2D8833-9DDB-4B4E-8DE0-E65359658702}.Debug|x86.ActiveCfg = Debug|Win32
		{4C2D8833-9DDB-4B4E-8DE0-E65359658702}.Debug|x86.Build.0 = Debug|Win32
		{4C2D8833-9DDB-4B4E-8DE0-E65359658702}.Release|x64.ActiveCfg = Release|x64
		{4C2D8833-9DDB-4B4E-8DE0-E65359658702}.Release|x64.Build.0 = Release|x64
		{4C2D8833-9DDB-4B4E-8DE0-E65359658702}.Release|x86.ActiveCfg = Release|Win32
		{4C2D8833-9DDB-4B4E-8DE0-E65359658702}.Release|x86.Build.0 = Release|Win32
		{09BCE92F-38F4-4C75-A6CF-6A546E147F85}.Debug|x64.ActiveCfg = Debug|x64
		{09BCE92F-38F4-4C75-A6CF-6A546E147F85}.Debug|x64.Build.0 = Debug|x64
		{09BCE92F-38F4-4C75-A6CF-6A546E147F85}.Debug|x86.ActiveCfg = Debug|Win32
		{09BCE92F-38F4-4C75-A6CF-6A546E147F85}.Debug|x86.Build.0 = Debug|Win32
		{09BCE92F-38F4-4C75-A6CF-6A546E147F85}.Release|x64.ActiveCfg = Release|x64
		{09BCE92F-38F4-4C75-A6CF-6A546E147F85}.Release|x64.Build.0 = Release|x64
		{09BCE92F-38F4-4C75-A6CF-6A546E147F85}.Release|x86.ActiveCfg = Release|Win32
		{09BCE92F-38F4-4C75-A6CF-6A546E147F85}.Release|x86.Build.0 = Release|Win32
		{356B1DE3-3EF1-44B8-B07C-A295F2E021CB}.Debug|x64.ActiveCfg = Debug|x64
		{356B1DE3-3EF1-44B8-B07C-A295F2E021CB}.Debug|x64.Build.0 = Debug|x64
		{356B1DE3-3EF1-44B8-B07C-A295F2E021CB}.Debug|x86.ActiveCfg = Debug|Win32
		{356B1DE3-3EF1-44B8-B07C-A295F2E021CB}.Debug|x86.Build.0 = Debug|Win32
		{356B1DE3-3EF1-44B8-B07C-A295F2E021CB}.Release|x64.ActiveCfg = Release|x64
		{356B1DE3-3EF1-44B8-B07C-A295F2E021CB}.Release|x64.Build.0 = Release|x64
		{356B1DE3-3EF1-44B8-B07C-A295F2E021CB}.Release|x86.ActiveCfg = Release|Win32
		{356B1DE3-3EF1-44B8-B07C-A295F2E021CB}.Release|x86.Build.0 = Release|Win32
		{FD14E61E-ED24-45FF-825B-59DF858608C1}.Debug|x64.ActiveCfg = Debug|x64
		{FD14E61E-ED24-45FF-825B-59DF858608C1}.Debug|x64.Build.0 = Debug|x64
		{FD14E61E-ED24-45FF-825B-59DF858608C1}.Debug|x86.ActiveCfg = Debug|Win32
		{FD14E61E-ED24-45FF-825B-59DF858608C1}.Debug|x86.Build.0 = Debug|Win32
		{FD14E61E-ED24-45FF-825B-59DF858608C1}.Release|x64.ActiveCfg = Release|x64
		{FD14E61E-ED24-45FF-825B-59DF858608C1}.Release|x64.Build.0 = Release|x64
		{FD14E61E-ED24-45FF-825B-59DF858608C1}.Release|x86.ActiveCfg = Release|Win32
		{FD14E61E-ED24-45FF-825B-59DF858608C1}.Release|x86.Build.0 = Release|Win32
		{2C965535-F4C7-41D1-832B-C4DDFA2A5FD4}.Debug|x64.ActiveCfg = Debug|x64
		{2C965535-F4C7-41D1-832B-C4DDFA2A5FD4}.Debug|x64.Build.0 = Debug|x64
		{2C965535-F4C7-41D1-832B-C4DDFA2A5FD4}.Debug|x86.ActiveCfg = Debug|Win32
		{2C965535-F4C7-41D1-832B-C4DDFA2A5FD4}.Debug|x86.Build.0 = Debug|Win32
		{2C965535-F4C7-41D1-832B-C4DDFA2A5FD4}.Release|x64.ActiveCfg = Release|x64
		{2C965535-F4C7-41D1-832B-C4DDFA2A5FD4}.Release|x64.Build.0 = Release|x64
		{2C965535-F4C7-41D1-832B-C4DDFA2A5FD4}.Release|x86.ActiveCfg = Release|Win32
		{2C965535-F4C7-41D1-832B-C4DDFA2A5FD4}.Release|x86.Build.0 = Release|Win32
		{8642F8B8-BA92-4115-9EFB-1D91A1B08A5C}.Debug|x64.ActiveCfg = Debug|x64
		{8642F8B8-BA92-4115-9EFB-1D91A1B08A5C}.Debug|x64.Build.0 = Debug|x64
		{8642F8B8-BA92-4115-9EFB-1D91A1B08A5C}.Debug|x86.ActiveCfg = Debug|Win32
		{8642F8B8-BA92-4115-9EFB-1D91A1B08A5C}.Debug|x86.Build.0 = Debug|Win32
		{8642F8B8-BA92-4115-9EFB-1D91A1B08A5C}.Release|x64.ActiveCfg = Release|x64
		{8642F8B8-BA92-4115-9EFB-1D91A1B08A5C}.Release|x64.Build.0 = Release|x64
		{8642F8B8-BA92-4115-9EFB-1D91A1B08A5C}.Release|x86.ActiveCfg = Release|Win32
		{8642F8B8-BA92-4115-9EFB-1D91A1B08A5C}.Release|x86.Build.0 = Release|Win32
		{E20E28A0-06D2-47BA-8E17-C9C54A9BBF56}.Debug|x64.ActiveCfg = Debug|x64
		{E20E28A0-06D2-47BA-8E17-C9C54A9BBF56}.Debug|x64.Build.0 = Debug|x64
		{E20E28A0-06D2-47BA-8E17-C9C54A9BBF56}.Debug|x86.ActiveCfg = Debug|Win32
		{E20E28A0-06D2-47BA-8E17-C9C54A9BBF56}.Debug|x86.Build.0 = Debug|Win32
		{E20E28A0-06D2-47BA-8E17-C9C54A9BBF56}.Release|x64.ActiveCfg = Release|x64
		{E20E28A0-06D2-47BA-8E17-C9C54A9BBF56}.Release|x64.Build.0 = Release|x64
		{E20E28A0-06D2-47BA-8E17-C9C54A9BBF56}.Release|x86.ActiveCfg = Release|Win32
		{E20E28A0-06D2-47BA-8E17-C9C54A9BBF56}.Release|x86.Build.0 = Release|Win32
		{78832F10-B2ED-46C8-9F5C-D3E5111AC4EC}.Debug|x64.ActiveCfg = Debug|x64
		{78832F10-B2ED-46C8-9F5C-D3E5111AC4EC}.Debug|x64.Build.0 = Debug|x64
		{78832F10-B2ED-46C8-9F5C-D3E5111AC4EC}.Debug|x86.ActiveCfg = Debug|Win32
		{78832F10-B2ED-46C8-9F5C-D3E5111AC4EC}.Debug|x86.Build.0 = Debug|Win32
		{78832F10-B2ED-46C8-9F5C-D3E5111AC4EC}.Release|x64.ActiveCfg = Release|x64
		{78832F10-B2ED-46C8-9F5C-D3E5111AC4EC}.Release|x64.Build.0 = Release|x64
		{78832F10-B2ED-46C8-9F5C-D3E5111AC4EC}.Release|x86.ActiveCfg = Release|Win32
		{78832F10-B2ED-46C8-9F5C-D3E5111AC4EC}.Release|x86.Build.0 = Release|Win32
		{D8D7FAA0-258B-4072-9C55-22A8E8F0F10E}.Debug|x64.ActiveCfg = Debug|x64
		{D8D7FAA0-258B-4072-9C55-22A8E8F0F10E}.Debug|x64.Build.0 = Debug|x64
		{D8D7FAA0-258B-4072-9C55-22A8E8F0F10E}.Debug|x86.ActiveCfg = Debug|Win32
		{D8D7FAA0-258B-4072-9C55-22A8E8F0F10E}.Debug|x86.Build.0 = Debug|Win32
		{D8D7FAA0-258B-4072-9C55-22A8E8F0F10E}.Release|x64.ActiveCfg = Release|x64
		{D8D7FAA0-258B-4072-9C55-22A8E8F0F10E}.Release|x64.Build.0 = Release|x64
		{D8D7FAA0-258B-4072-9C55-22A8E8F0F10E}.Release|x86.ActiveCfg = Release|Win32
		{D8D7FAA0-258B-4072-9C55-22A8E8F0F10E}.Release|x86.Build.0 = Release|Win32
		{B15B4CB1-58DA-4B80-96A3-B649A7D49989}.Debug|x64.ActiveCfg = Debug|x64
		{B15B4CB1-58DA-4B80-96A3-B649A7D49989}.Debug|x64.Build.0 = Debug|x64
		{B15B4CB1-58DA-4B80-96A3-B649A7D49989}.Debug|x86.ActiveCfg = Debug|Win32
		{B15B4CB1-58DA-4B80-96A3-B649A7D49989}.Debug|x86.Build.0 = Debug|Win32
		{B15B4CB1-58DA-4B80-96A3-B649A7D49989}.Release|x64.ActiveCfg = Release|x64
		{B15B4CB1-58DA-4B80-96A3-B649A7D49989}.Release|x64.Build.0 = Release|x64
		{B15B4CB1-58DA-4B80-96A3-B649A7D49989}.Release|x86.ActiveCfg = Release|Win32
		{B15B4CB1-58DA-4B80-96A3-B649A7D49989}.Release|x86.Build.0 = Release|Win32
		{34E3610D-1219-4CCB-BC78-C86FC0ED0EFB}.Debug|x64.ActiveCfg = Debug|x64
		{34E3610D-1219-4CCB-BC78-C86FC0ED0EFB}.Debug|x64.Build.0 = Debug|x64
		{34E3610D-1219-4CCB-BC78-C86FC0ED0EFB}.Debug|x86.ActiveCfg = Debug|Win32
		{34E3610D-1219-4CCB-BC78-C86FC0ED0EFB}.Debug|x86.Build.0 = Debug|Win32
		{34E3610D-1219-4CCB-BC78-C86FC0ED0EFB}.Release|x64.ActiveCfg = Release|x64
		{34E3610D-1219-4CCB-BC78-C86FC0ED0EFB}.Release|x64.Build.0 = Release|x64
		{34E3610D-1219-4CCB-BC78-C86FC0ED0EFB}.Release|x86.ActiveCfg = Release|Win32
		{34E3610D-1219-4CCB-BC78-C86FC0ED0EFB}.Release|x86.Build.0 = Release|Win32
		{A3C83690-2173-45D8-84D1-31173E60BEE9}.Debug|x64.ActiveCfg = Debug|x64
		{A3C83690-2173-45D8-84D1-31173E60BEE9}.Debug|x64.Build.0 = Debug|x64
		{A3C83690-2173-45D8-84D1-31173E60BEE9}.Debug|x86.ActiveCfg = Debug|Win32
		{A3C83690-2173-45D8-84D1-31173E60BEE9}.Debug|x86.Build.0 = Debug|Win32
		{A3C83690-2173-45D8-84D1-31173E60BEE9}.Release|x64.ActiveCfg = Release|x64
		{A3C83690-2173-45D8-84D1-31173E60BEE9}.Release|x64.Build.0 = Release|x64
		{A3C83690-2173-45D8-84D1-31173E60BEE9}.Release|x86.ActiveCfg = Release|Win32
		{A3C83690-2173-45D8-84D1-31173E60BEE9}.Release|x86.Build.0 = Release|Win32
		{0C12E4E4-37C5-4B42-A055-30707103D359}.Debug|x64.ActiveCfg = Debug|x64
		{0C12E4E4-37C5-4B42-A055-30707103D359}.Debug|x64.Build.0 = Debug|x64
		{0C12E4E4-37C5-4B42-A055-30707103D359}.Debug|x86.ActiveCfg = Debug|Win32
		{0C12E4E4-37C5-4B42-A055-30707103D359}.Debug|x86.Build.0 = Debug|Win32
		{0C12E4E4-37C5-4B42-A055-30707103D359}.Release|x64.ActiveCfg = Release|x64
		{0C12E4E4-37C5-4B42-A055-30707103D359}.Release|x64.Build.0 = Release|x64
		{0C12E4E4-37C5-4B42-A055-30707103D359}.Release|x86.ActiveCfg = Release|Win32
		{0C12E4E4-37C5-4B42-A055-30707103D359}.Release|x86.Build.0 = Release|Win32
		{6A9C412B-EB2A-4442-9B38-1EC6C8D29265}.Debug|x64.ActiveCfg = Debug|x64
		{6A9C412B-EB2A-4442-9B38-1EC6C8D29265}.Debug|x64.Build.0 = Debug|x64
		{6A9C412B-EB2A-4442-9B38-1EC6C8D29265}.Debug|x86.ActiveCfg = Debug|Win32
		{6A9C412B-EB2A-4442-9B38-1EC6C8D29265}.Debug|x86.Build.0 = Debug|Win32
		{6A9C412B-EB2A-4442-9B38-1EC6C8D29265}.Release|x64.ActiveCfg = Release|x64
		{6A9C412B-EB2A-4442-9B38-1EC6C8D29265}.Release|x64.Build.0 = Release|x64
		{6A9C412B-EB2A-4442-9B38-1EC6C8D29265}.Release|x86.ActiveCfg = Release|Win32
		{6A9C412B-EB2A-4442-9B38-1EC6C8D29265}.Release|x86.Build.0 = Release|Win32
		{4B5F4430-62DC-463E-A7F6-3D827806DA5B}.Debug|x64.ActiveCfg = Debug|x64
		{4B5F4430-62DC-463E-A7F6-3D827806DA5B}.Debug|x64.Build.0 = Debug|x64
		{4B5F4430-62DC-463E-A7F6-3D827806DA5B}.Debug|x86.ActiveCfg = Debug|Win32
		{4B5F4430-62DC-463E-A7F6-3D827806DA5B}.Debug|x86.Build.0 = Debug|Win32
		{4B5F4430-62DC-463E-A7F6-3D827806DA5B}.Release|x64.ActiveCfg = Release|x64
		{4B5F4430-62DC-463E-A7F6-3D827806DA5B}.Release|x64.Build.0 = Release|x64
		{4B5F4430-62DC-463E-A7F6-3D827806DA5B}.Release|x86.ActiveCfg = Release|Win32
		{4B5F4430-62DC-463E-A7F6-3D827806DA5B}.Release|x86.Build.0 = Release|Win32
		{80317662-6732-4527-B0DC-3DC2F8ADEFF2}.Debug|x64.ActiveCfg = Debug|x64
		{80317662-6732-4527-B0DC-3DC2F8ADEFF2}.Debug|x64.Build.0 = Debug|x64
		{80317662-6732-4527-B0DC-3DC2F8ADEFF2}.Debug|x86.ActiveCfg = Debug|Win32
		{80317662-6732-4527-B0DC-3DC2F8ADEFF2}.Debug|x86.Build.0 = Debug|Win32
		{80317662-6732-4527-B0DC-3DC2F8ADEFF2}.Release|x64.ActiveCfg = Release|x64
		{80317662-6732-4527-B0DC-3DC2F8ADEFF2}.Release|x64.Build.0 = Release|x64
		{80317662-6732-4527-B0DC-3DC2F8ADEFF2}.Release|x86.ActiveCfg = Release|Win32
		{80317662-6732-4527-B0DC-3DC2F8ADEFF2}.Release|x86.Build.0 = Release|Win32
		{53A87019-CC16-42A0-9621-82E6A603369A}.Debug|x64.ActiveCfg = Debug|x64
		{53A87019-CC16-42A0-9621-82E6A603369A}.Debug|x64.Build.0 = Debug|x64
		{53A87019-CC16-42A0-9621-82E6A603369A}.Debug|x86.ActiveCfg = Debug|Win32
		{53A87019-CC16-42A0-9621-82E6A603369A}.Debug|x86.Build.0 = Debug|Win32
		{53A87019-CC16-42A0-9621-82E6A603369A}.Release|x64.ActiveCfg = Release|x64
		{53A87019-CC16-42A0-9621-82E6A603369A}.Release|x64.Build.0 = Release|x64
		{53A87019-CC16-42A0-9621-82E6A603369A}.Release|x86.ActiveCfg = Release|Win32
		{53A87019-CC16-42A0-9621-82E6A603369A}.Release|x86.Build.0 = Release|Win32
	EndGlobalSection
	GlobalSection(SolutionProperties) = preSolution
		HideSolutionNode = FALSE
	EndGlobalSection
	GlobalSection(ExtensibilityGlobals) = postSolution
		SolutionGuid = {EA480621-61CC-45A4-997C-56922F09B0C1}
	EndGlobalSection
EndGlobal
