
Microsoft Visual Studio Solution File, Format Version 12.00
# Visual Studio Version 16
VisualStudioVersion = 16.0.29519.87
MinimumVisualStudioVersion = 10.0.40219.1
Project("{8BC9CEB8-8B4A-11D0-8D11-00A0C91BC942}") = "ReadWriteChar", "ReadWriteChar\ReadWriteChar.vcxproj", "{E83AB511-B052-4750-BF16-77D79AF851EF}"
EndProject
Project("{8BC9CEB8-8B4A-11D0-8D11-00A0C91BC942}") = "ConsoleEOF", "ConsoleEOF\ConsoleEOF.vcxproj", "{3EC5A61F-3ADA-4D6E-91C8-F9C0719199F0}"
EndProject
Project("{8BC9CEB8-8B4A-11D0-8D11-00A0C91BC942}") = "Question21_1_1", "Question21_1_1\Question21_1_1.vcxproj", "{BC1473D5-2006-4E74-A15E-44B5DFBE5903}"
EndProject
Project("{8BC9CEB8-8B4A-11D0-8D11-00A0C91BC942}") = "WriteString", "WriteString\WriteString.vcxproj", "{0174A57A-9AA6-48A8-9DEE-114831F50805}"
EndProject
Project("{8BC9CEB8-8B4A-11D0-8D11-00A0C91BC942}") = "ReadString", "ReadString\ReadString.vcxproj", "{7A9475C2-9349-4891-BFCD-2018B3A8114A}"
EndProject
Project("{8BC9CEB8-8B4A-11D0-8D11-00A0C91BC942}") = "NeedInputBufFlush", "NeedInputBufFlush\NeedInputBufFlush.vcxproj", "{3DB64B48-C25B-4393-9B2D-E034DEDD2170}"
EndProject
Project("{8BC9CEB8-8B4A-11D0-8D11-00A0C91BC942}") = "InputBufFlush", "InputBufFlush\InputBufFlush.vcxproj", "{0F4B09F7-20D4-43CF-A300-A68CDF480C51}"
EndProject
Project("{8BC9CEB8-8B4A-11D0-8D11-00A0C91BC942}") = "RemoveBSN", "RemoveBSN\RemoveBSN.vcxproj", "{56F111C8-B571-43FE-A978-ECC971DF6694}"
EndProject
Project("{8BC9CEB8-8B4A-11D0-8D11-00A0C91BC942}") = "StringCopyCase", "StringCopyCase\StringCopyCase.vcxproj", "{5CA0B713-F5DD-47DB-BA42-33E25DCACE5C}"
EndProject
Project("{8BC9CEB8-8B4A-11D0-8D11-00A0C91BC942}") = "StringConcatCase", "StringConcatCase\StringConcatCase.vcxproj", "{24A0AC2B-7E72-43FF-A083-1CB842561C0E}"
EndProject
Project("{8BC9CEB8-8B4A-11D0-8D11-00A0C91BC942}") = "StringCompCase", "StringCompCase\StringCompCase.vcxproj", "{6A64974C-B883-4676-B9D4-892B4926117E}"
EndProject
Project("{8BC9CEB8-8B4A-11D0-8D11-00A0C91BC942}") = "ConvStringToPrimitive", "ConvStringToPrimitive\ConvStringToPrimitive.vcxproj", "{57286BD8-4417-4AC1-94E5-C9F8BA61161A}"
EndProject
Project("{8BC9CEB8-8B4A-11D0-8D11-00A0C91BC942}") = "Question21_2_1", "Question21_2_1\Question21_2_1.vcxproj", "{AB8E7042-5638-41E1-9EAF-22FE3D54F3A2}"
EndProject
Project("{8BC9CEB8-8B4A-11D0-8D11-00A0C91BC942}") = "Question21_2_2", "Question21_2_2\Question21_2_2.vcxproj", "{85408F7F-B4F6-4B01-8F13-13B3B88D77AB}"
EndProject
Project("{8BC9CEB8-8B4A-11D0-8D11-00A0C91BC942}") = "Question21_2_3", "Question21_2_3\Question21_2_3.vcxproj", "{A70BAD62-49D7-429E-B5DA-F148F2CC3452}"
EndProject
Global
	GlobalSection(SolutionConfigurationPlatforms) = preSolution
		Debug|x64 = Debug|x64
		Debug|x86 = Debug|x86
		Release|x64 = Release|x64
		Release|x86 = Release|x86
	EndGlobalSection
	GlobalSection(ProjectConfigurationPlatforms) = postSolution
		{E83AB511-B052-4750-BF16-77D79AF851EF}.Debug|x64.ActiveCfg = Debug|x64
		{E83AB511-B052-4750-BF16-77D79AF851EF}.Debug|x64.Build.0 = Debug|x64
		{E83AB511-B052-4750-BF16-77D79AF851EF}.Debug|x86.ActiveCfg = Debug|Win32
		{E83AB511-B052-4750-BF16-77D79AF851EF}.Debug|x86.Build.0 = Debug|Win32
		{E83AB511-B052-4750-BF16-77D79AF851EF}.Release|x64.ActiveCfg = Release|x64
		{E83AB511-B052-4750-BF16-77D79AF851EF}.Release|x64.Build.0 = Release|x64
		{E83AB511-B052-4750-BF16-77D79AF851EF}.Release|x86.ActiveCfg = Release|Win32
		{E83AB511-B052-4750-BF16-77D79AF851EF}.Release|x86.Build.0 = Release|Win32
		{3EC5A61F-3ADA-4D6E-91C8-F9C0719199F0}.Debug|x64.ActiveCfg = Debug|x64
		{3EC5A61F-3ADA-4D6E-91C8-F9C0719199F0}.Debug|x64.Build.0 = Debug|x64
		{3EC5A61F-3ADA-4D6E-91C8-F9C0719199F0}.Debug|x86.ActiveCfg = Debug|Win32
		{3EC5A61F-3ADA-4D6E-91C8-F9C0719199F0}.Debug|x86.Build.0 = Debug|Win32
		{3EC5A61F-3ADA-4D6E-91C8-F9C0719199F0}.Release|x64.ActiveCfg = Release|x64
		{3EC5A61F-3ADA-4D6E-91C8-F9C0719199F0}.Release|x64.Build.0 = Release|x64
		{3EC5A61F-3ADA-4D6E-91C8-F9C0719199F0}.Release|x86.ActiveCfg = Release|Win32
		{3EC5A61F-3ADA-4D6E-91C8-F9C0719199F0}.Release|x86.Build.0 = Release|Win32
		{BC1473D5-2006-4E74-A15E-44B5DFBE5903}.Debug|x64.ActiveCfg = Debug|x64
		{BC1473D5-2006-4E74-A15E-44B5DFBE5903}.Debug|x64.Build.0 = Debug|x64
		{BC1473D5-2006-4E74-A15E-44B5DFBE5903}.Debug|x86.ActiveCfg = Debug|Win32
		{BC1473D5-2006-4E74-A15E-44B5DFBE5903}.Debug|x86.Build.0 = Debug|Win32
		{BC1473D5-2006-4E74-A15E-44B5DFBE5903}.Release|x64.ActiveCfg = Release|x64
		{BC1473D5-2006-4E74-A15E-44B5DFBE5903}.Release|x64.Build.0 = Release|x64
		{BC1473D5-2006-4E74-A15E-44B5DFBE5903}.Release|x86.ActiveCfg = Release|Win32
		{BC1473D5-2006-4E74-A15E-44B5DFBE5903}.Release|x86.Build.0 = Release|Win32
		{0174A57A-9AA6-48A8-9DEE-114831F50805}.Debug|x64.ActiveCfg = Debug|x64
		{0174A57A-9AA6-48A8-9DEE-114831F50805}.Debug|x64.Build.0 = Debug|x64
		{0174A57A-9AA6-48A8-9DEE-114831F50805}.Debug|x86.ActiveCfg = Debug|Win32
		{0174A57A-9AA6-48A8-9DEE-114831F50805}.Debug|x86.Build.0 = Debug|Win32
		{0174A57A-9AA6-48A8-9DEE-114831F50805}.Release|x64.ActiveCfg = Release|x64
		{0174A57A-9AA6-48A8-9DEE-114831F50805}.Release|x64.Build.0 = Release|x64
		{0174A57A-9AA6-48A8-9DEE-114831F50805}.Release|x86.ActiveCfg = Release|Win32
		{0174A57A-9AA6-48A8-9DEE-114831F50805}.Release|x86.Build.0 = Release|Win32
		{7A9475C2-9349-4891-BFCD-2018B3A8114A}.Debug|x64.ActiveCfg = Debug|x64
		{7A9475C2-9349-4891-BFCD-2018B3A8114A}.Debug|x64.Build.0 = Debug|x64
		{7A9475C2-9349-4891-BFCD-2018B3A8114A}.Debug|x86.ActiveCfg = Debug|Win32
		{7A9475C2-9349-4891-BFCD-2018B3A8114A}.Debug|x86.Build.0 = Debug|Win32
		{7A9475C2-9349-4891-BFCD-2018B3A8114A}.Release|x64.ActiveCfg = Release|x64
		{7A9475C2-9349-4891-BFCD-2018B3A8114A}.Release|x64.Build.0 = Release|x64
		{7A9475C2-9349-4891-BFCD-2018B3A8114A}.Release|x86.ActiveCfg = Release|Win32
		{7A9475C2-9349-4891-BFCD-2018B3A8114A}.Release|x86.Build.0 = Release|Win32
		{3DB64B48-C25B-4393-9B2D-E034DEDD2170}.Debug|x64.ActiveCfg = Debug|x64
		{3DB64B48-C25B-4393-9B2D-E034DEDD2170}.Debug|x64.Build.0 = Debug|x64
		{3DB64B48-C25B-4393-9B2D-E034DEDD2170}.Debug|x86.ActiveCfg = Debug|Win32
		{3DB64B48-C25B-4393-9B2D-E034DEDD2170}.Debug|x86.Build.0 = Debug|Win32
		{3DB64B48-C25B-4393-9B2D-E034DEDD2170}.Release|x64.ActiveCfg = Release|x64
		{3DB64B48-C25B-4393-9B2D-E034DEDD2170}.Release|x64.Build.0 = Release|x64
		{3DB64B48-C25B-4393-9B2D-E034DEDD2170}.Release|x86.ActiveCfg = Release|Win32
		{3DB64B48-C25B-4393-9B2D-E034DEDD2170}.Release|x86.Build.0 = Release|Win32
		{0F4B09F7-20D4-43CF-A300-A68CDF480C51}.Debug|x64.ActiveCfg = Debug|x64
		{0F4B09F7-20D4-43CF-A300-A68CDF480C51}.Debug|x64.Build.0 = Debug|x64
		{0F4B09F7-20D4-43CF-A300-A68CDF480C51}.Debug|x86.ActiveCfg = Debug|Win32
		{0F4B09F7-20D4-43CF-A300-A68CDF480C51}.Debug|x86.Build.0 = Debug|Win32
		{0F4B09F7-20D4-43CF-A300-A68CDF480C51}.Release|x64.ActiveCfg = Release|x64
		{0F4B09F7-20D4-43CF-A300-A68CDF480C51}.Release|x64.Build.0 = Release|x64
		{0F4B09F7-20D4-43CF-A300-A68CDF480C51}.Release|x86.ActiveCfg = Release|Win32
		{0F4B09F7-20D4-43CF-A300-A68CDF480C51}.Release|x86.Build.0 = Release|Win32
		{56F111C8-B571-43FE-A978-ECC971DF6694}.Debug|x64.ActiveCfg = Debug|x64
		{56F111C8-B571-43FE-A978-ECC971DF6694}.Debug|x64.Build.0 = Debug|x64
		{56F111C8-B571-43FE-A978-ECC971DF6694}.Debug|x86.ActiveCfg = Debug|Win32
		{56F111C8-B571-43FE-A978-ECC971DF6694}.Debug|x86.Build.0 = Debug|Win32
		{56F111C8-B571-43FE-A978-ECC971DF6694}.Release|x64.ActiveCfg = Release|x64
		{56F111C8-B571-43FE-A978-ECC971DF6694}.Release|x64.Build.0 = Release|x64
		{56F111C8-B571-43FE-A978-ECC971DF6694}.Release|x86.ActiveCfg = Release|Win32
		{56F111C8-B571-43FE-A978-ECC971DF6694}.Release|x86.Build.0 = Release|Win32
		{5CA0B713-F5DD-47DB-BA42-33E25DCACE5C}.Debug|x64.ActiveCfg = Debug|x64
		{5CA0B713-F5DD-47DB-BA42-33E25DCACE5C}.Debug|x64.Build.0 = Debug|x64
		{5CA0B713-F5DD-47DB-BA42-33E25DCACE5C}.Debug|x86.ActiveCfg = Debug|Win32
		{5CA0B713-F5DD-47DB-BA42-33E25DCACE5C}.Debug|x86.Build.0 = Debug|Win32
		{5CA0B713-F5DD-47DB-BA42-33E25DCACE5C}.Release|x64.ActiveCfg = Release|x64
		{5CA0B713-F5DD-47DB-BA42-33E25DCACE5C}.Release|x64.Build.0 = Release|x64
		{5CA0B713-F5DD-47DB-BA42-33E25DCACE5C}.Release|x86.ActiveCfg = Release|Win32
		{5CA0B713-F5DD-47DB-BA42-33E25DCACE5C}.Release|x86.Build.0 = Release|Win32
		{24A0AC2B-7E72-43FF-A083-1CB842561C0E}.Debug|x64.ActiveCfg = Debug|x64
		{24A0AC2B-7E72-43FF-A083-1CB842561C0E}.Debug|x64.Build.0 = Debug|x64
		{24A0AC2B-7E72-43FF-A083-1CB842561C0E}.Debug|x86.ActiveCfg = Debug|Win32
		{24A0AC2B-7E72-43FF-A083-1CB842561C0E}.Debug|x86.Build.0 = Debug|Win32
		{24A0AC2B-7E72-43FF-A083-1CB842561C0E}.Release|x64.ActiveCfg = Release|x64
		{24A0AC2B-7E72-43FF-A083-1CB842561C0E}.Release|x64.Build.0 = Release|x64
		{24A0AC2B-7E72-43FF-A083-1CB842561C0E}.Release|x86.ActiveCfg = Release|Win32
		{24A0AC2B-7E72-43FF-A083-1CB842561C0E}.Release|x86.Build.0 = Release|Win32
		{6A64974C-B883-4676-B9D4-892B4926117E}.Debug|x64.ActiveCfg = Debug|x64
		{6A64974C-B883-4676-B9D4-892B4926117E}.Debug|x64.Build.0 = Debug|x64
		{6A64974C-B883-4676-B9D4-892B4926117E}.Debug|x86.ActiveCfg = Debug|Win32
		{6A64974C-B883-4676-B9D4-892B4926117E}.Debug|x86.Build.0 = Debug|Win32
		{6A64974C-B883-4676-B9D4-892B4926117E}.Release|x64.ActiveCfg = Release|x64
		{6A64974C-B883-4676-B9D4-892B4926117E}.Release|x64.Build.0 = Release|x64
		{6A64974C-B883-4676-B9D4-892B4926117E}.Release|x86.ActiveCfg = Release|Win32
		{6A64974C-B883-4676-B9D4-892B4926117E}.Release|x86.Build.0 = Release|Win32
		{57286BD8-4417-4AC1-94E5-C9F8BA61161A}.Debug|x64.ActiveCfg = Debug|x64
		{57286BD8-4417-4AC1-94E5-C9F8BA61161A}.Debug|x64.Build.0 = Debug|x64
		{57286BD8-4417-4AC1-94E5-C9F8BA61161A}.Debug|x86.ActiveCfg = Debug|Win32
		{57286BD8-4417-4AC1-94E5-C9F8BA61161A}.Debug|x86.Build.0 = Debug|Win32
		{57286BD8-4417-4AC1-94E5-C9F8BA61161A}.Release|x64.ActiveCfg = Release|x64
		{57286BD8-4417-4AC1-94E5-C9F8BA61161A}.Release|x64.Build.0 = Release|x64
		{57286BD8-4417-4AC1-94E5-C9F8BA61161A}.Release|x86.ActiveCfg = Release|Win32
		{57286BD8-4417-4AC1-94E5-C9F8BA61161A}.Release|x86.Build.0 = Release|Win32
		{AB8E7042-5638-41E1-9EAF-22FE3D54F3A2}.Debug|x64.ActiveCfg = Debug|x64
		{AB8E7042-5638-41E1-9EAF-22FE3D54F3A2}.Debug|x64.Build.0 = Debug|x64
		{AB8E7042-5638-41E1-9EAF-22FE3D54F3A2}.Debug|x86.ActiveCfg = Debug|Win32
		{AB8E7042-5638-41E1-9EAF-22FE3D54F3A2}.Debug|x86.Build.0 = Debug|Win32
		{AB8E7042-5638-41E1-9EAF-22FE3D54F3A2}.Release|x64.ActiveCfg = Release|x64
		{AB8E7042-5638-41E1-9EAF-22FE3D54F3A2}.Release|x64.Build.0 = Release|x64
		{AB8E7042-5638-41E1-9EAF-22FE3D54F3A2}.Release|x86.ActiveCfg = Release|Win32
		{AB8E7042-5638-41E1-9EAF-22FE3D54F3A2}.Release|x86.Build.0 = Release|Win32
		{85408F7F-B4F6-4B01-8F13-13B3B88D77AB}.Debug|x64.ActiveCfg = Debug|x64
		{85408F7F-B4F6-4B01-8F13-13B3B88D77AB}.Debug|x64.Build.0 = Debug|x64
		{85408F7F-B4F6-4B01-8F13-13B3B88D77AB}.Debug|x86.ActiveCfg = Debug|Win32
		{85408F7F-B4F6-4B01-8F13-13B3B88D77AB}.Debug|x86.Build.0 = Debug|Win32
		{85408F7F-B4F6-4B01-8F13-13B3B88D77AB}.Release|x64.ActiveCfg = Release|x64
		{85408F7F-B4F6-4B01-8F13-13B3B88D77AB}.Release|x64.Build.0 = Release|x64
		{85408F7F-B4F6-4B01-8F13-13B3B88D77AB}.Release|x86.ActiveCfg = Release|Win32
		{85408F7F-B4F6-4B01-8F13-13B3B88D77AB}.Release|x86.Build.0 = Release|Win32
		{A70BAD62-49D7-429E-B5DA-F148F2CC3452}.Debug|x64.ActiveCfg = Debug|x64
		{A70BAD62-49D7-429E-B5DA-F148F2CC3452}.Debug|x64.Build.0 = Debug|x64
		{A70BAD62-49D7-429E-B5DA-F148F2CC3452}.Debug|x86.ActiveCfg = Debug|Win32
		{A70BAD62-49D7-429E-B5DA-F148F2CC3452}.Debug|x86.Build.0 = Debug|Win32
		{A70BAD62-49D7-429E-B5DA-F148F2CC3452}.Release|x64.ActiveCfg = Release|x64
		{A70BAD62-49D7-429E-B5DA-F148F2CC3452}.Release|x64.Build.0 = Release|x64
		{A70BAD62-49D7-429E-B5DA-F148F2CC3452}.Release|x86.ActiveCfg = Release|Win32
		{A70BAD62-49D7-429E-B5DA-F148F2CC3452}.Release|x86.Build.0 = Release|Win32
	EndGlobalSection
	GlobalSection(SolutionProperties) = preSolution
		HideSolutionNode = FALSE
	EndGlobalSection
	GlobalSection(ExtensibilityGlobals) = postSolution
		SolutionGuid = {722E28BA-3D0D-49CC-9442-18F584E10543}
	EndGlobalSection
EndGlobal
