
Microsoft Visual Studio Solution File, Format Version 12.00
# Visual Studio Version 16
VisualStudioVersion = 16.0.29418.71
MinimumVisualStudioVersion = 10.0.40219.1
Project("{8BC9CEB8-8B4A-11D0-8D11-00A0C91BC942}") = "Challeng1", "Challeng1\Challeng1.vcxproj", "{B76E829C-C7BC-40E6-814E-358B09C97030}"
EndProject
Project("{8BC9CEB8-8B4A-11D0-8D11-00A0C91BC942}") = "Challeng2", "Challeng2\Challeng2.vcxproj", "{F7892C20-5DCC-4D5E-A08B-C0A1FB2C7BAB}"
EndProject
Project("{8BC9CEB8-8B4A-11D0-8D11-00A0C91BC942}") = "Challeng3", "Challeng3\Challeng3.vcxproj", "{5205EA97-D248-412A-8C09-ED096E7D37A6}"
EndProject
Global
	GlobalSection(SolutionConfigurationPlatforms) = preSolution
		Debug|x64 = Debug|x64
		Debug|x86 = Debug|x86
		Release|x64 = Release|x64
		Release|x86 = Release|x86
	EndGlobalSection
	GlobalSection(ProjectConfigurationPlatforms) = postSolution
		{B76E829C-C7BC-40E6-814E-358B09C97030}.Debug|x64.ActiveCfg = Debug|x64
		{B76E829C-C7BC-40E6-814E-358B09C97030}.Debug|x64.Build.0 = Debug|x64
		{B76E829C-C7BC-40E6-814E-358B09C97030}.Debug|x86.ActiveCfg = Debug|Win32
		{B76E829C-C7BC-40E6-814E-358B09C97030}.Debug|x86.Build.0 = Debug|Win32
		{B76E829C-C7BC-40E6-814E-358B09C97030}.Release|x64.ActiveCfg = Release|x64
		{B76E829C-C7BC-40E6-814E-358B09C97030}.Release|x64.Build.0 = Release|x64
		{B76E829C-C7BC-40E6-814E-358B09C97030}.Release|x86.ActiveCfg = Release|Win32
		{B76E829C-C7BC-40E6-814E-358B09C97030}.Release|x86.Build.0 = Release|Win32
		{F7892C20-5DCC-4D5E-A08B-C0A1FB2C7BAB}.Debug|x64.ActiveCfg = Debug|x64
		{F7892C20-5DCC-4D5E-A08B-C0A1FB2C7BAB}.Debug|x64.Build.0 = Debug|x64
		{F7892C20-5DCC-4D5E-A08B-C0A1FB2C7BAB}.Debug|x86.ActiveCfg = Debug|Win32
		{F7892C20-5DCC-4D5E-A08B-C0A1FB2C7BAB}.Debug|x86.Build.0 = Debug|Win32
		{F7892C20-5DCC-4D5E-A08B-C0A1FB2C7BAB}.Release|x64.ActiveCfg = Release|x64
		{F7892C20-5DCC-4D5E-A08B-C0A1FB2C7BAB}.Release|x64.Build.0 = Release|x64
		{F7892C20-5DCC-4D5E-A08B-C0A1FB2C7BAB}.Release|x86.ActiveCfg = Release|Win32
		{F7892C20-5DCC-4D5E-A08B-C0A1FB2C7BAB}.Release|x86.Build.0 = Release|Win32
		{5205EA97-D248-412A-8C09-ED096E7D37A6}.Debug|x64.ActiveCfg = Debug|x64
		{5205EA97-D248-412A-8C09-ED096E7D37A6}.Debug|x64.Build.0 = Debug|x64
		{5205EA97-D248-412A-8C09-ED096E7D37A6}.Debug|x86.ActiveCfg = Debug|Win32
		{5205EA97-D248-412A-8C09-ED096E7D37A6}.Debug|x86.Build.0 = Debug|Win32
		{5205EA97-D248-412A-8C09-ED096E7D37A6}.Release|x64.ActiveCfg = Release|x64
		{5205EA97-D248-412A-8C09-ED096E7D37A6}.Release|x64.Build.0 = Release|x64
		{5205EA97-D248-412A-8C09-ED096E7D37A6}.Release|x86.ActiveCfg = Release|Win32
		{5205EA97-D248-412A-8C09-ED096E7D37A6}.Release|x86.Build.0 = Release|Win32
	EndGlobalSection
	GlobalSection(SolutionProperties) = preSolution
		HideSolutionNode = FALSE
	EndGlobalSection
	GlobalSection(ExtensibilityGlobals) = postSolution
		SolutionGuid = {E475CBDC-2887-44D8-95F4-AF1C5A303C7A}
	EndGlobalSection
EndGlobal
