
Microsoft Visual Studio Solution File, Format Version 12.00
# Visual Studio Version 16
VisualStudioVersion = 16.0.29411.108
MinimumVisualStudioVersion = 10.0.40219.1
Project("{8BC9CEB8-8B4A-11D0-8D11-00A0C91BC942}") = "SimpleWhile", "SimpleWhile\SimpleWhile.vcxproj", "{256E49A8-57CF-4ED3-8751-029C27293569}"
EndProject
Project("{8BC9CEB8-8B4A-11D0-8D11-00A0C91BC942}") = "NineNineDan", "NineNineDan\NineNineDan.vcxproj", "{CE43E52C-022D-4BC0-8D77-4C2FBFC6E8D4}"
EndProject
Project("{8BC9CEB8-8B4A-11D0-8D11-00A0C91BC942}") = "Question07_1_1", "Question07_1_1\Question07_1_1.vcxproj", "{0D476F5A-0DB5-402E-A045-E904D4DCFE09}"
EndProject
Project("{8BC9CEB8-8B4A-11D0-8D11-00A0C91BC942}") = "Question07_1_2", "Question07_1_2\Question07_1_2.vcxproj", "{1074F772-1F73-49A2-8941-4AC60AFA1638}"
EndProject
Project("{8BC9CEB8-8B4A-11D0-8D11-00A0C91BC942}") = "Question07_1_3", "Question07_1_3\Question07_1_3.vcxproj", "{117796D5-2FB2-457F-BC95-1E21C406C433}"
EndProject
Project("{8BC9CEB8-8B4A-11D0-8D11-00A0C91BC942}") = "Question07_1_4", "Question07_1_4\Question07_1_4.vcxproj", "{582047EE-DD2B-4A40-9ABF-70EEA54B37DD}"
EndProject
Project("{8BC9CEB8-8B4A-11D0-8D11-00A0C91BC942}") = "Question07_1_5", "Question07_1_5\Question07_1_5.vcxproj", "{A5100499-587D-4BA8-ACA8-CBF4D4B0B7C4}"
EndProject
Project("{8BC9CEB8-8B4A-11D0-8D11-00A0C91BC942}") = "TwoToNine", "TwoToNine\TwoToNine.vcxproj", "{91FFAAF7-D9B6-4641-89C6-33E9690A97AE}"
EndProject
Project("{8BC9CEB8-8B4A-11D0-8D11-00A0C91BC942}") = "Question07_2_1", "Question07_2_1\Question07_2_1.vcxproj", "{5C353B0F-39A5-47E5-BCA2-6DCA95718A89}"
EndProject
Project("{8BC9CEB8-8B4A-11D0-8D11-00A0C91BC942}") = "Question07_2_2", "Question07_2_2\Question07_2_2.vcxproj", "{2982CD8A-AB21-4034-92FC-A636EDF5758F}"
EndProject
Project("{8BC9CEB8-8B4A-11D0-8D11-00A0C91BC942}") = "UsefulDoWhile", "UsefulDoWhile\UsefulDoWhile.vcxproj", "{C26FDF12-4106-4868-90E8-FAD5C6B36B9F}"
EndProject
Project("{8BC9CEB8-8B4A-11D0-8D11-00A0C91BC942}") = "Question07_3_1", "Question07_3_1\Question07_3_1.vcxproj", "{9E02CC38-CF18-43CC-B4AF-5D4831687AC9}"
EndProject
Project("{8BC9CEB8-8B4A-11D0-8D11-00A0C91BC942}") = "Question07_3_2", "Question07_3_2\Question07_3_2.vcxproj", "{E9EEE3A8-9BD3-4236-8964-373496D4B2FC}"
EndProject
Project("{8BC9CEB8-8B4A-11D0-8D11-00A0C91BC942}") = "Question07_3_3", "Question07_3_3\Question07_3_3.vcxproj", "{3A92EDD9-1497-4BF6-9E1F-271A619C9A1F}"
EndProject
Project("{8BC9CEB8-8B4A-11D0-8D11-00A0C91BC942}") = "AddToNum", "AddToNum\AddToNum.vcxproj", "{6B4843AD-38C7-4982-A828-21320D806A31}"
EndProject
Project("{8BC9CEB8-8B4A-11D0-8D11-00A0C91BC942}") = "RealMean", "RealMean\RealMean.vcxproj", "{0DE9C4AE-379C-4693-B1AE-BCBAEF33B4E9}"
EndProject
Project("{8BC9CEB8-8B4A-11D0-8D11-00A0C91BC942}") = "Question07_4_1", "Question07_4_1\Question07_4_1.vcxproj", "{52453DFA-16E9-4730-A4D2-F513D74C210C}"
EndProject
Project("{8BC9CEB8-8B4A-11D0-8D11-00A0C91BC942}") = "Question07_4_2", "Question07_4_2\Question07_4_2.vcxproj", "{CCCDDC06-1BB9-4555-B2F2-72798032881E}"
EndProject
Project("{8BC9CEB8-8B4A-11D0-8D11-00A0C91BC942}") = "TwoToNineForVer", "TwoToNineForVer\TwoToNineForVer.vcxproj", "{3D1DEAB9-D921-4701-A227-1D365EE891DC}"
EndProject
Global
	GlobalSection(SolutionConfigurationPlatforms) = preSolution
		Debug|x64 = Debug|x64
		Debug|x86 = Debug|x86
		Release|x64 = Release|x64
		Release|x86 = Release|x86
	EndGlobalSection
	GlobalSection(ProjectConfigurationPlatforms) = postSolution
		{256E49A8-57CF-4ED3-8751-029C27293569}.Debug|x64.ActiveCfg = Debug|x64
		{256E49A8-57CF-4ED3-8751-029C27293569}.Debug|x64.Build.0 = Debug|x64
		{256E49A8-57CF-4ED3-8751-029C27293569}.Debug|x86.ActiveCfg = Debug|Win32
		{256E49A8-57CF-4ED3-8751-029C27293569}.Debug|x86.Build.0 = Debug|Win32
		{256E49A8-57CF-4ED3-8751-029C27293569}.Release|x64.ActiveCfg = Release|x64
		{256E49A8-57CF-4ED3-8751-029C27293569}.Release|x64.Build.0 = Release|x64
		{256E49A8-57CF-4ED3-8751-029C27293569}.Release|x86.ActiveCfg = Release|Win32
		{256E49A8-57CF-4ED3-8751-029C27293569}.Release|x86.Build.0 = Release|Win32
		{CE43E52C-022D-4BC0-8D77-4C2FBFC6E8D4}.Debug|x64.ActiveCfg = Debug|x64
		{CE43E52C-022D-4BC0-8D77-4C2FBFC6E8D4}.Debug|x64.Build.0 = Debug|x64
		{CE43E52C-022D-4BC0-8D77-4C2FBFC6E8D4}.Debug|x86.ActiveCfg = Debug|Win32
		{CE43E52C-022D-4BC0-8D77-4C2FBFC6E8D4}.Debug|x86.Build.0 = Debug|Win32
		{CE43E52C-022D-4BC0-8D77-4C2FBFC6E8D4}.Release|x64.ActiveCfg = Release|x64
		{CE43E52C-022D-4BC0-8D77-4C2FBFC6E8D4}.Release|x64.Build.0 = Release|x64
		{CE43E52C-022D-4BC0-8D77-4C2FBFC6E8D4}.Release|x86.ActiveCfg = Release|Win32
		{CE43E52C-022D-4BC0-8D77-4C2FBFC6E8D4}.Release|x86.Build.0 = Release|Win32
		{0D476F5A-0DB5-402E-A045-E904D4DCFE09}.Debug|x64.ActiveCfg = Debug|x64
		{0D476F5A-0DB5-402E-A045-E904D4DCFE09}.Debug|x64.Build.0 = Debug|x64
		{0D476F5A-0DB5-402E-A045-E904D4DCFE09}.Debug|x86.ActiveCfg = Debug|Win32
		{0D476F5A-0DB5-402E-A045-E904D4DCFE09}.Debug|x86.Build.0 = Debug|Win32
		{0D476F5A-0DB5-402E-A045-E904D4DCFE09}.Release|x64.ActiveCfg = Release|x64
		{0D476F5A-0DB5-402E-A045-E904D4DCFE09}.Release|x64.Build.0 = Release|x64
		{0D476F5A-0DB5-402E-A045-E904D4DCFE09}.Release|x86.ActiveCfg = Release|Win32
		{0D476F5A-0DB5-402E-A045-E904D4DCFE09}.Release|x86.Build.0 = Release|Win32
		{1074F772-1F73-49A2-8941-4AC60AFA1638}.Debug|x64.ActiveCfg = Debug|x64
		{1074F772-1F73-49A2-8941-4AC60AFA1638}.Debug|x64.Build.0 = Debug|x64
		{1074F772-1F73-49A2-8941-4AC60AFA1638}.Debug|x86.ActiveCfg = Debug|Win32
		{1074F772-1F73-49A2-8941-4AC60AFA1638}.Debug|x86.Build.0 = Debug|Win32
		{1074F772-1F73-49A2-8941-4AC60AFA1638}.Release|x64.ActiveCfg = Release|x64
		{1074F772-1F73-49A2-8941-4AC60AFA1638}.Release|x64.Build.0 = Release|x64
		{1074F772-1F73-49A2-8941-4AC60AFA1638}.Release|x86.ActiveCfg = Release|Win32
		{1074F772-1F73-49A2-8941-4AC60AFA1638}.Release|x86.Build.0 = Release|Win32
		{117796D5-2FB2-457F-BC95-1E21C406C433}.Debug|x64.ActiveCfg = Debug|x64
		{117796D5-2FB2-457F-BC95-1E21C406C433}.Debug|x64.Build.0 = Debug|x64
		{117796D5-2FB2-457F-BC95-1E21C406C433}.Debug|x86.ActiveCfg = Debug|Win32
		{117796D5-2FB2-457F-BC95-1E21C406C433}.Debug|x86.Build.0 = Debug|Win32
		{117796D5-2FB2-457F-BC95-1E21C406C433}.Release|x64.ActiveCfg = Release|x64
		{117796D5-2FB2-457F-BC95-1E21C406C433}.Release|x64.Build.0 = Release|x64
		{117796D5-2FB2-457F-BC95-1E21C406C433}.Release|x86.ActiveCfg = Release|Win32
		{117796D5-2FB2-457F-BC95-1E21C406C433}.Release|x86.Build.0 = Release|Win32
		{582047EE-DD2B-4A40-9ABF-70EEA54B37DD}.Debug|x64.ActiveCfg = Debug|x64
		{582047EE-DD2B-4A40-9ABF-70EEA54B37DD}.Debug|x64.Build.0 = Debug|x64
		{582047EE-DD2B-4A40-9ABF-70EEA54B37DD}.Debug|x86.ActiveCfg = Debug|Win32
		{582047EE-DD2B-4A40-9ABF-70EEA54B37DD}.Debug|x86.Build.0 = Debug|Win32
		{582047EE-DD2B-4A40-9ABF-70EEA54B37DD}.Release|x64.ActiveCfg = Release|x64
		{582047EE-DD2B-4A40-9ABF-70EEA54B37DD}.Release|x64.Build.0 = Release|x64
		{582047EE-DD2B-4A40-9ABF-70EEA54B37DD}.Release|x86.ActiveCfg = Release|Win32
		{582047EE-DD2B-4A40-9ABF-70EEA54B37DD}.Release|x86.Build.0 = Release|Win32
		{A5100499-587D-4BA8-ACA8-CBF4D4B0B7C4}.Debug|x64.ActiveCfg = Debug|x64
		{A5100499-587D-4BA8-ACA8-CBF4D4B0B7C4}.Debug|x64.Build.0 = Debug|x64
		{A5100499-587D-4BA8-ACA8-CBF4D4B0B7C4}.Debug|x86.ActiveCfg = Debug|Win32
		{A5100499-587D-4BA8-ACA8-CBF4D4B0B7C4}.Debug|x86.Build.0 = Debug|Win32
		{A5100499-587D-4BA8-ACA8-CBF4D4B0B7C4}.Release|x64.ActiveCfg = Release|x64
		{A5100499-587D-4BA8-ACA8-CBF4D4B0B7C4}.Release|x64.Build.0 = Release|x64
		{A5100499-587D-4BA8-ACA8-CBF4D4B0B7C4}.Release|x86.ActiveCfg = Release|Win32
		{A5100499-587D-4BA8-ACA8-CBF4D4B0B7C4}.Release|x86.Build.0 = Release|Win32
		{91FFAAF7-D9B6-4641-89C6-33E9690A97AE}.Debug|x64.ActiveCfg = Debug|x64
		{91FFAAF7-D9B6-4641-89C6-33E9690A97AE}.Debug|x64.Build.0 = Debug|x64
		{91FFAAF7-D9B6-4641-89C6-33E9690A97AE}.Debug|x86.ActiveCfg = Debug|Win32
		{91FFAAF7-D9B6-4641-89C6-33E9690A97AE}.Debug|x86.Build.0 = Debug|Win32
		{91FFAAF7-D9B6-4641-89C6-33E9690A97AE}.Release|x64.ActiveCfg = Release|x64
		{91FFAAF7-D9B6-4641-89C6-33E9690A97AE}.Release|x64.Build.0 = Release|x64
		{91FFAAF7-D9B6-4641-89C6-33E9690A97AE}.Release|x86.ActiveCfg = Release|Win32
		{91FFAAF7-D9B6-4641-89C6-33E9690A97AE}.Release|x86.Build.0 = Release|Win32
		{5C353B0F-39A5-47E5-BCA2-6DCA95718A89}.Debug|x64.ActiveCfg = Debug|x64
		{5C353B0F-39A5-47E5-BCA2-6DCA95718A89}.Debug|x64.Build.0 = Debug|x64
		{5C353B0F-39A5-47E5-BCA2-6DCA95718A89}.Debug|x86.ActiveCfg = Debug|Win32
		{5C353B0F-39A5-47E5-BCA2-6DCA95718A89}.Debug|x86.Build.0 = Debug|Win32
		{5C353B0F-39A5-47E5-BCA2-6DCA95718A89}.Release|x64.ActiveCfg = Release|x64
		{5C353B0F-39A5-47E5-BCA2-6DCA95718A89}.Release|x64.Build.0 = Release|x64
		{5C353B0F-39A5-47E5-BCA2-6DCA95718A89}.Release|x86.ActiveCfg = Release|Win32
		{5C353B0F-39A5-47E5-BCA2-6DCA95718A89}.Release|x86.Build.0 = Release|Win32
		{2982CD8A-AB21-4034-92FC-A636EDF5758F}.Debug|x64.ActiveCfg = Debug|x64
		{2982CD8A-AB21-4034-92FC-A636EDF5758F}.Debug|x64.Build.0 = Debug|x64
		{2982CD8A-AB21-4034-92FC-A636EDF5758F}.Debug|x86.ActiveCfg = Debug|Win32
		{2982CD8A-AB21-4034-92FC-A636EDF5758F}.Debug|x86.Build.0 = Debug|Win32
		{2982CD8A-AB21-4034-92FC-A636EDF5758F}.Release|x64.ActiveCfg = Release|x64
		{2982CD8A-AB21-4034-92FC-A636EDF5758F}.Release|x64.Build.0 = Release|x64
		{2982CD8A-AB21-4034-92FC-A636EDF5758F}.Release|x86.ActiveCfg = Release|Win32
		{2982CD8A-AB21-4034-92FC-A636EDF5758F}.Release|x86.Build.0 = Release|Win32
		{C26FDF12-4106-4868-90E8-FAD5C6B36B9F}.Debug|x64.ActiveCfg = Debug|x64
		{C26FDF12-4106-4868-90E8-FAD5C6B36B9F}.Debug|x64.Build.0 = Debug|x64
		{C26FDF12-4106-4868-90E8-FAD5C6B36B9F}.Debug|x86.ActiveCfg = Debug|Win32
		{C26FDF12-4106-4868-90E8-FAD5C6B36B9F}.Debug|x86.Build.0 = Debug|Win32
		{C26FDF12-4106-4868-90E8-FAD5C6B36B9F}.Release|x64.ActiveCfg = Release|x64
		{C26FDF12-4106-4868-90E8-FAD5C6B36B9F}.Release|x64.Build.0 = Release|x64
		{C26FDF12-4106-4868-90E8-FAD5C6B36B9F}.Release|x86.ActiveCfg = Release|Win32
		{C26FDF12-4106-4868-90E8-FAD5C6B36B9F}.Release|x86.Build.0 = Release|Win32
		{9E02CC38-CF18-43CC-B4AF-5D4831687AC9}.Debug|x64.ActiveCfg = Debug|x64
		{9E02CC38-CF18-43CC-B4AF-5D4831687AC9}.Debug|x64.Build.0 = Debug|x64
		{9E02CC38-CF18-43CC-B4AF-5D4831687AC9}.Debug|x86.ActiveCfg = Debug|Win32
		{9E02CC38-CF18-43CC-B4AF-5D4831687AC9}.Debug|x86.Build.0 = Debug|Win32
		{9E02CC38-CF18-43CC-B4AF-5D4831687AC9}.Release|x64.ActiveCfg = Release|x64
		{9E02CC38-CF18-43CC-B4AF-5D4831687AC9}.Release|x64.Build.0 = Release|x64
		{9E02CC38-CF18-43CC-B4AF-5D4831687AC9}.Release|x86.ActiveCfg = Release|Win32
		{9E02CC38-CF18-43CC-B4AF-5D4831687AC9}.Release|x86.Build.0 = Release|Win32
		{E9EEE3A8-9BD3-4236-8964-373496D4B2FC}.Debug|x64.ActiveCfg = Debug|x64
		{E9EEE3A8-9BD3-4236-8964-373496D4B2FC}.Debug|x64.Build.0 = Debug|x64
		{E9EEE3A8-9BD3-4236-8964-373496D4B2FC}.Debug|x86.ActiveCfg = Debug|Win32
		{E9EEE3A8-9BD3-4236-8964-373496D4B2FC}.Debug|x86.Build.0 = Debug|Win32
		{E9EEE3A8-9BD3-4236-8964-373496D4B2FC}.Release|x64.ActiveCfg = Release|x64
		{E9EEE3A8-9BD3-4236-8964-373496D4B2FC}.Release|x64.Build.0 = Release|x64
		{E9EEE3A8-9BD3-4236-8964-373496D4B2FC}.Release|x86.ActiveCfg = Release|Win32
		{E9EEE3A8-9BD3-4236-8964-373496D4B2FC}.Release|x86.Build.0 = Release|Win32
		{3A92EDD9-1497-4BF6-9E1F-271A619C9A1F}.Debug|x64.ActiveCfg = Debug|x64
		{3A92EDD9-1497-4BF6-9E1F-271A619C9A1F}.Debug|x64.Build.0 = Debug|x64
		{3A92EDD9-1497-4BF6-9E1F-271A619C9A1F}.Debug|x86.ActiveCfg = Debug|Win32
		{3A92EDD9-1497-4BF6-9E1F-271A619C9A1F}.Debug|x86.Build.0 = Debug|Win32
		{3A92EDD9-1497-4BF6-9E1F-271A619C9A1F}.Release|x64.ActiveCfg = Release|x64
		{3A92EDD9-1497-4BF6-9E1F-271A619C9A1F}.Release|x64.Build.0 = Release|x64
		{3A92EDD9-1497-4BF6-9E1F-271A619C9A1F}.Release|x86.ActiveCfg = Release|Win32
		{3A92EDD9-1497-4BF6-9E1F-271A619C9A1F}.Release|x86.Build.0 = Release|Win32
		{6B4843AD-38C7-4982-A828-21320D806A31}.Debug|x64.ActiveCfg = Debug|x64
		{6B4843AD-38C7-4982-A828-21320D806A31}.Debug|x64.Build.0 = Debug|x64
		{6B4843AD-38C7-4982-A828-21320D806A31}.Debug|x86.ActiveCfg = Debug|Win32
		{6B4843AD-38C7-4982-A828-21320D806A31}.Debug|x86.Build.0 = Debug|Win32
		{6B4843AD-38C7-4982-A828-21320D806A31}.Release|x64.ActiveCfg = Release|x64
		{6B4843AD-38C7-4982-A828-21320D806A31}.Release|x64.Build.0 = Release|x64
		{6B4843AD-38C7-4982-A828-21320D806A31}.Release|x86.ActiveCfg = Release|Win32
		{6B4843AD-38C7-4982-A828-21320D806A31}.Release|x86.Build.0 = Release|Win32
		{0DE9C4AE-379C-4693-B1AE-BCBAEF33B4E9}.Debug|x64.ActiveCfg = Debug|x64
		{0DE9C4AE-379C-4693-B1AE-BCBAEF33B4E9}.Debug|x64.Build.0 = Debug|x64
		{0DE9C4AE-379C-4693-B1AE-BCBAEF33B4E9}.Debug|x86.ActiveCfg = Debug|Win32
		{0DE9C4AE-379C-4693-B1AE-BCBAEF33B4E9}.Debug|x86.Build.0 = Debug|Win32
		{0DE9C4AE-379C-4693-B1AE-BCBAEF33B4E9}.Release|x64.ActiveCfg = Release|x64
		{0DE9C4AE-379C-4693-B1AE-BCBAEF33B4E9}.Release|x64.Build.0 = Release|x64
		{0DE9C4AE-379C-4693-B1AE-BCBAEF33B4E9}.Release|x86.ActiveCfg = Release|Win32
		{0DE9C4AE-379C-4693-B1AE-BCBAEF33B4E9}.Release|x86.Build.0 = Release|Win32
		{52453DFA-16E9-4730-A4D2-F513D74C210C}.Debug|x64.ActiveCfg = Debug|x64
		{52453DFA-16E9-4730-A4D2-F513D74C210C}.Debug|x64.Build.0 = Debug|x64
		{52453DFA-16E9-4730-A4D2-F513D74C210C}.Debug|x86.ActiveCfg = Debug|Win32
		{52453DFA-16E9-4730-A4D2-F513D74C210C}.Debug|x86.Build.0 = Debug|Win32
		{52453DFA-16E9-4730-A4D2-F513D74C210C}.Release|x64.ActiveCfg = Release|x64
		{52453DFA-16E9-4730-A4D2-F513D74C210C}.Release|x64.Build.0 = Release|x64
		{52453DFA-16E9-4730-A4D2-F513D74C210C}.Release|x86.ActiveCfg = Release|Win32
		{52453DFA-16E9-4730-A4D2-F513D74C210C}.Release|x86.Build.0 = Release|Win32
		{CCCDDC06-1BB9-4555-B2F2-72798032881E}.Debug|x64.ActiveCfg = Debug|x64
		{CCCDDC06-1BB9-4555-B2F2-72798032881E}.Debug|x64.Build.0 = Debug|x64
		{CCCDDC06-1BB9-4555-B2F2-72798032881E}.Debug|x86.ActiveCfg = Debug|Win32
		{CCCDDC06-1BB9-4555-B2F2-72798032881E}.Debug|x86.Build.0 = Debug|Win32
		{CCCDDC06-1BB9-4555-B2F2-72798032881E}.Release|x64.ActiveCfg = Release|x64
		{CCCDDC06-1BB9-4555-B2F2-72798032881E}.Release|x64.Build.0 = Release|x64
		{CCCDDC06-1BB9-4555-B2F2-72798032881E}.Release|x86.ActiveCfg = Release|Win32
		{CCCDDC06-1BB9-4555-B2F2-72798032881E}.Release|x86.Build.0 = Release|Win32
		{3D1DEAB9-D921-4701-A227-1D365EE891DC}.Debug|x64.ActiveCfg = Debug|x64
		{3D1DEAB9-D921-4701-A227-1D365EE891DC}.Debug|x64.Build.0 = Debug|x64
		{3D1DEAB9-D921-4701-A227-1D365EE891DC}.Debug|x86.ActiveCfg = Debug|Win32
		{3D1DEAB9-D921-4701-A227-1D365EE891DC}.Debug|x86.Build.0 = Debug|Win32
		{3D1DEAB9-D921-4701-A227-1D365EE891DC}.Release|x64.ActiveCfg = Release|x64
		{3D1DEAB9-D921-4701-A227-1D365EE891DC}.Release|x64.Build.0 = Release|x64
		{3D1DEAB9-D921-4701-A227-1D365EE891DC}.Release|x86.ActiveCfg = Release|Win32
		{3D1DEAB9-D921-4701-A227-1D365EE891DC}.Release|x86.Build.0 = Release|Win32
	EndGlobalSection
	GlobalSection(SolutionProperties) = preSolution
		HideSolutionNode = FALSE
	EndGlobalSection
	GlobalSection(ExtensibilityGlobals) = postSolution
		SolutionGuid = {02ED3CF2-5C53-41AF-9ADC-806D65E4E38E}
	EndGlobalSection
EndGlobal
