
Microsoft Visual Studio Solution File, Format Version 12.00
# Visual Studio Version 16
VisualStudioVersion = 16.0.29411.108
MinimumVisualStudioVersion = 10.0.40219.1
Project("{8BC9CEB8-8B4A-11D0-8D11-00A0C91BC942}") = "PrintfOutput", "PrintfOutput\PrintfOutput.vcxproj", "{BD99502E-80CC-404A-805E-E75C9CC9BCEF}"
EndProject
Project("{8BC9CEB8-8B4A-11D0-8D11-00A0C91BC942}") = "SimpleAddFunc", "SimpleAddFunc\SimpleAddFunc.vcxproj", "{3A105E76-93E7-4363-98E2-2403C0DFACF1}"
EndProject
Project("{8BC9CEB8-8B4A-11D0-8D11-00A0C91BC942}") = "SmartAddFunc", "SmartAddFunc\SmartAddFunc.vcxproj", "{E822836A-ED67-4172-8547-B0D3FFB5443C}"
EndProject
Project("{8BC9CEB8-8B4A-11D0-8D11-00A0C91BC942}") = "NumCompare", "NumCompare\NumCompare.vcxproj", "{D0EE847F-468F-4E99-B439-C52B4B840162}"
EndProject
Project("{8BC9CEB8-8B4A-11D0-8D11-00A0C91BC942}") = "AbsoCompare", "AbsoCompare\AbsoCompare.vcxproj", "{A723AA1F-B898-47FD-B32D-C8120A61F7C6}"
EndProject
Project("{8BC9CEB8-8B4A-11D0-8D11-00A0C91BC942}") = "Question09_1_1", "Question09_1_1\Question09_1_1.vcxproj", "{D6DC19D9-2F45-49DE-8A27-C6E961953EB5}"
EndProject
Project("{8BC9CEB8-8B4A-11D0-8D11-00A0C91BC942}") = "Question09_1_2", "Question09_1_2\Question09_1_2.vcxproj", "{33543F39-C2DB-4B9C-8D03-4428522D471A}"
EndProject
Project("{8BC9CEB8-8B4A-11D0-8D11-00A0C91BC942}") = "Question09_1_3", "Question09_1_3\Question09_1_3.vcxproj", "{9E8C6A76-3BEF-4CEC-8A41-9A19E2EAF066}"
EndProject
Project("{8BC9CEB8-8B4A-11D0-8D11-00A0C91BC942}") = "LocalVariable", "LocalVariable\LocalVariable.vcxproj", "{7FE1DBD6-9EA3-4E1F-B71F-76B27DA3E0CB}"
EndProject
Project("{8BC9CEB8-8B4A-11D0-8D11-00A0C91BC942}") = "AnotherLocalVal", "AnotherLocalVal\AnotherLocalVal.vcxproj", "{C144750E-7577-4A04-8FD2-A28829C1AE64}"
EndProject
Project("{8BC9CEB8-8B4A-11D0-8D11-00A0C91BC942}") = "LocalValHideVal", "LocalValHideVal\LocalValHideVal.vcxproj", "{955E3A56-5293-46C6-823B-4A384ED398B0}"
EndProject
Project("{8BC9CEB8-8B4A-11D0-8D11-00A0C91BC942}") = "GlobalVariable", "GlobalVariable\GlobalVariable.vcxproj", "{4D9B9C38-DABE-4FBF-A2BE-4E2C0498448B}"
EndProject
Project("{8BC9CEB8-8B4A-11D0-8D11-00A0C91BC942}") = "LocalValHideGlobalVal", "LocalValHideGlobalVal\LocalValHideGlobalVal.vcxproj", "{4252837D-1668-491D-94C2-21597BF38D1A}"
EndProject
Project("{8BC9CEB8-8B4A-11D0-8D11-00A0C91BC942}") = "StaticLocalVariable", "StaticLocalVariable\StaticLocalVariable.vcxproj", "{A7D5E314-4F21-4202-B0F8-A2092DC58820}"
EndProject
Project("{8BC9CEB8-8B4A-11D0-8D11-00A0C91BC942}") = "Question09_2_1", "Question09_2_1\Question09_2_1.vcxproj", "{D034FFCD-1C5B-4175-9D06-41042D52650A}"
EndProject
Project("{8BC9CEB8-8B4A-11D0-8D11-00A0C91BC942}") = "RecursiveFunc", "RecursiveFunc\RecursiveFunc.vcxproj", "{63AED7C5-4A43-4489-8A4D-CEAF2A39CE66}"
EndProject
Project("{8BC9CEB8-8B4A-11D0-8D11-00A0C91BC942}") = "RecursiveFactorial", "RecursiveFactorial\RecursiveFactorial.vcxproj", "{C2C15801-4A55-4E60-B339-B71ED2F87320}"
EndProject
Global
	GlobalSection(SolutionConfigurationPlatforms) = preSolution
		Debug|x64 = Debug|x64
		Debug|x86 = Debug|x86
		Release|x64 = Release|x64
		Release|x86 = Release|x86
	EndGlobalSection
	GlobalSection(ProjectConfigurationPlatforms) = postSolution
		{BD99502E-80CC-404A-805E-E75C9CC9BCEF}.Debug|x64.ActiveCfg = Debug|x64
		{BD99502E-80CC-404A-805E-E75C9CC9BCEF}.Debug|x64.Build.0 = Debug|x64
		{BD99502E-80CC-404A-805E-E75C9CC9BCEF}.Debug|x86.ActiveCfg = Debug|Win32
		{BD99502E-80CC-404A-805E-E75C9CC9BCEF}.Debug|x86.Build.0 = Debug|Win32
		{BD99502E-80CC-404A-805E-E75C9CC9BCEF}.Release|x64.ActiveCfg = Release|x64
		{BD99502E-80CC-404A-805E-E75C9CC9BCEF}.Release|x64.Build.0 = Release|x64
		{BD99502E-80CC-404A-805E-E75C9CC9BCEF}.Release|x86.ActiveCfg = Release|Win32
		{BD99502E-80CC-404A-805E-E75C9CC9BCEF}.Release|x86.Build.0 = Release|Win32
		{3A105E76-93E7-4363-98E2-2403C0DFACF1}.Debug|x64.ActiveCfg = Debug|x64
		{3A105E76-93E7-4363-98E2-2403C0DFACF1}.Debug|x64.Build.0 = Debug|x64
		{3A105E76-93E7-4363-98E2-2403C0DFACF1}.Debug|x86.ActiveCfg = Debug|Win32
		{3A105E76-93E7-4363-98E2-2403C0DFACF1}.Debug|x86.Build.0 = Debug|Win32
		{3A105E76-93E7-4363-98E2-2403C0DFACF1}.Release|x64.ActiveCfg = Release|x64
		{3A105E76-93E7-4363-98E2-2403C0DFACF1}.Release|x64.Build.0 = Release|x64
		{3A105E76-93E7-4363-98E2-2403C0DFACF1}.Release|x86.ActiveCfg = Release|Win32
		{3A105E76-93E7-4363-98E2-2403C0DFACF1}.Release|x86.Build.0 = Release|Win32
		{E822836A-ED67-4172-8547-B0D3FFB5443C}.Debug|x64.ActiveCfg = Debug|x64
		{E822836A-ED67-4172-8547-B0D3FFB5443C}.Debug|x64.Build.0 = Debug|x64
		{E822836A-ED67-4172-8547-B0D3FFB5443C}.Debug|x86.ActiveCfg = Debug|Win32
		{E822836A-ED67-4172-8547-B0D3FFB5443C}.Debug|x86.Build.0 = Debug|Win32
		{E822836A-ED67-4172-8547-B0D3FFB5443C}.Release|x64.ActiveCfg = Release|x64
		{E822836A-ED67-4172-8547-B0D3FFB5443C}.Release|x64.Build.0 = Release|x64
		{E822836A-ED67-4172-8547-B0D3FFB5443C}.Release|x86.ActiveCfg = Release|Win32
		{E822836A-ED67-4172-8547-B0D3FFB5443C}.Release|x86.Build.0 = Release|Win32
		{D0EE847F-468F-4E99-B439-C52B4B840162}.Debug|x64.ActiveCfg = Debug|x64
		{D0EE847F-468F-4E99-B439-C52B4B840162}.Debug|x64.Build.0 = Debug|x64
		{D0EE847F-468F-4E99-B439-C52B4B840162}.Debug|x86.ActiveCfg = Debug|Win32
		{D0EE847F-468F-4E99-B439-C52B4B840162}.Debug|x86.Build.0 = Debug|Win32
		{D0EE847F-468F-4E99-B439-C52B4B840162}.Release|x64.ActiveCfg = Release|x64
		{D0EE847F-468F-4E99-B439-C52B4B840162}.Release|x64.Build.0 = Release|x64
		{D0EE847F-468F-4E99-B439-C52B4B840162}.Release|x86.ActiveCfg = Release|Win32
		{D0EE847F-468F-4E99-B439-C52B4B840162}.Release|x86.Build.0 = Release|Win32
		{A723AA1F-B898-47FD-B32D-C8120A61F7C6}.Debug|x64.ActiveCfg = Debug|x64
		{A723AA1F-B898-47FD-B32D-C8120A61F7C6}.Debug|x64.Build.0 = Debug|x64
		{A723AA1F-B898-47FD-B32D-C8120A61F7C6}.Debug|x86.ActiveCfg = Debug|Win32
		{A723AA1F-B898-47FD-B32D-C8120A61F7C6}.Debug|x86.Build.0 = Debug|Win32
		{A723AA1F-B898-47FD-B32D-C8120A61F7C6}.Release|x64.ActiveCfg = Release|x64
		{A723AA1F-B898-47FD-B32D-C8120A61F7C6}.Release|x64.Build.0 = Release|x64
		{A723AA1F-B898-47FD-B32D-C8120A61F7C6}.Release|x86.ActiveCfg = Release|Win32
		{A723AA1F-B898-47FD-B32D-C8120A61F7C6}.Release|x86.Build.0 = Release|Win32
		{D6DC19D9-2F45-49DE-8A27-C6E961953EB5}.Debug|x64.ActiveCfg = Debug|x64
		{D6DC19D9-2F45-49DE-8A27-C6E961953EB5}.Debug|x64.Build.0 = Debug|x64
		{D6DC19D9-2F45-49DE-8A27-C6E961953EB5}.Debug|x86.ActiveCfg = Debug|Win32
		{D6DC19D9-2F45-49DE-8A27-C6E961953EB5}.Debug|x86.Build.0 = Debug|Win32
		{D6DC19D9-2F45-49DE-8A27-C6E961953EB5}.Release|x64.ActiveCfg = Release|x64
		{D6DC19D9-2F45-49DE-8A27-C6E961953EB5}.Release|x64.Build.0 = Release|x64
		{D6DC19D9-2F45-49DE-8A27-C6E961953EB5}.Release|x86.ActiveCfg = Release|Win32
		{D6DC19D9-2F45-49DE-8A27-C6E961953EB5}.Release|x86.Build.0 = Release|Win32
		{33543F39-C2DB-4B9C-8D03-4428522D471A}.Debug|x64.ActiveCfg = Debug|x64
		{33543F39-C2DB-4B9C-8D03-4428522D471A}.Debug|x64.Build.0 = Debug|x64
		{33543F39-C2DB-4B9C-8D03-4428522D471A}.Debug|x86.ActiveCfg = Debug|Win32
		{33543F39-C2DB-4B9C-8D03-4428522D471A}.Debug|x86.Build.0 = Debug|Win32
		{33543F39-C2DB-4B9C-8D03-4428522D471A}.Release|x64.ActiveCfg = Release|x64
		{33543F39-C2DB-4B9C-8D03-4428522D471A}.Release|x64.Build.0 = Release|x64
		{33543F39-C2DB-4B9C-8D03-4428522D471A}.Release|x86.ActiveCfg = Release|Win32
		{33543F39-C2DB-4B9C-8D03-4428522D471A}.Release|x86.Build.0 = Release|Win32
		{9E8C6A76-3BEF-4CEC-8A41-9A19E2EAF066}.Debug|x64.ActiveCfg = Debug|x64
		{9E8C6A76-3BEF-4CEC-8A41-9A19E2EAF066}.Debug|x64.Build.0 = Debug|x64
		{9E8C6A76-3BEF-4CEC-8A41-9A19E2EAF066}.Debug|x86.ActiveCfg = Debug|Win32
		{9E8C6A76-3BEF-4CEC-8A41-9A19E2EAF066}.Debug|x86.Build.0 = Debug|Win32
		{9E8C6A76-3BEF-4CEC-8A41-9A19E2EAF066}.Release|x64.ActiveCfg = Release|x64
		{9E8C6A76-3BEF-4CEC-8A41-9A19E2EAF066}.Release|x64.Build.0 = Release|x64
		{9E8C6A76-3BEF-4CEC-8A41-9A19E2EAF066}.Release|x86.ActiveCfg = Release|Win32
		{9E8C6A76-3BEF-4CEC-8A41-9A19E2EAF066}.Release|x86.Build.0 = Release|Win32
		{7FE1DBD6-9EA3-4E1F-B71F-76B27DA3E0CB}.Debug|x64.ActiveCfg = Debug|x64
		{7FE1DBD6-9EA3-4E1F-B71F-76B27DA3E0CB}.Debug|x64.Build.0 = Debug|x64
		{7FE1DBD6-9EA3-4E1F-B71F-76B27DA3E0CB}.Debug|x86.ActiveCfg = Debug|Win32
		{7FE1DBD6-9EA3-4E1F-B71F-76B27DA3E0CB}.Debug|x86.Build.0 = Debug|Win32
		{7FE1DBD6-9EA3-4E1F-B71F-76B27DA3E0CB}.Release|x64.ActiveCfg = Release|x64
		{7FE1DBD6-9EA3-4E1F-B71F-76B27DA3E0CB}.Release|x64.Build.0 = Release|x64
		{7FE1DBD6-9EA3-4E1F-B71F-76B27DA3E0CB}.Release|x86.ActiveCfg = Release|Win32
		{7FE1DBD6-9EA3-4E1F-B71F-76B27DA3E0CB}.Release|x86.Build.0 = Release|Win32
		{C144750E-7577-4A04-8FD2-A28829C1AE64}.Debug|x64.ActiveCfg = Debug|x64
		{C144750E-7577-4A04-8FD2-A28829C1AE64}.Debug|x64.Build.0 = Debug|x64
		{C144750E-7577-4A04-8FD2-A28829C1AE64}.Debug|x86.ActiveCfg = Debug|Win32
		{C144750E-7577-4A04-8FD2-A28829C1AE64}.Debug|x86.Build.0 = Debug|Win32
		{C144750E-7577-4A04-8FD2-A28829C1AE64}.Release|x64.ActiveCfg = Release|x64
		{C144750E-7577-4A04-8FD2-A28829C1AE64}.Release|x64.Build.0 = Release|x64
		{C144750E-7577-4A04-8FD2-A28829C1AE64}.Release|x86.ActiveCfg = Release|Win32
		{C144750E-7577-4A04-8FD2-A28829C1AE64}.Release|x86.Build.0 = Release|Win32
		{955E3A56-5293-46C6-823B-4A384ED398B0}.Debug|x64.ActiveCfg = Debug|x64
		{955E3A56-5293-46C6-823B-4A384ED398B0}.Debug|x64.Build.0 = Debug|x64
		{955E3A56-5293-46C6-823B-4A384ED398B0}.Debug|x86.ActiveCfg = Debug|Win32
		{955E3A56-5293-46C6-823B-4A384ED398B0}.Debug|x86.Build.0 = Debug|Win32
		{955E3A56-5293-46C6-823B-4A384ED398B0}.Release|x64.ActiveCfg = Release|x64
		{955E3A56-5293-46C6-823B-4A384ED398B0}.Release|x64.Build.0 = Release|x64
		{955E3A56-5293-46C6-823B-4A384ED398B0}.Release|x86.ActiveCfg = Release|Win32
		{955E3A56-5293-46C6-823B-4A384ED398B0}.Release|x86.Build.0 = Release|Win32
		{4D9B9C38-DABE-4FBF-A2BE-4E2C0498448B}.Debug|x64.ActiveCfg = Debug|x64
		{4D9B9C38-DABE-4FBF-A2BE-4E2C0498448B}.Debug|x64.Build.0 = Debug|x64
		{4D9B9C38-DABE-4FBF-A2BE-4E2C0498448B}.Debug|x86.ActiveCfg = Debug|Win32
		{4D9B9C38-DABE-4FBF-A2BE-4E2C0498448B}.Debug|x86.Build.0 = Debug|Win32
		{4D9B9C38-DABE-4FBF-A2BE-4E2C0498448B}.Release|x64.ActiveCfg = Release|x64
		{4D9B9C38-DABE-4FBF-A2BE-4E2C0498448B}.Release|x64.Build.0 = Release|x64
		{4D9B9C38-DABE-4FBF-A2BE-4E2C0498448B}.Release|x86.ActiveCfg = Release|Win32
		{4D9B9C38-DABE-4FBF-A2BE-4E2C0498448B}.Release|x86.Build.0 = Release|Win32
		{4252837D-1668-491D-94C2-21597BF38D1A}.Debug|x64.ActiveCfg = Debug|x64
		{4252837D-1668-491D-94C2-21597BF38D1A}.Debug|x64.Build.0 = Debug|x64
		{4252837D-1668-491D-94C2-21597BF38D1A}.Debug|x86.ActiveCfg = Debug|Win32
		{4252837D-1668-491D-94C2-21597BF38D1A}.Debug|x86.Build.0 = Debug|Win32
		{4252837D-1668-491D-94C2-21597BF38D1A}.Release|x64.ActiveCfg = Release|x64
		{4252837D-1668-491D-94C2-21597BF38D1A}.Release|x64.Build.0 = Release|x64
		{4252837D-1668-491D-94C2-21597BF38D1A}.Release|x86.ActiveCfg = Release|Win32
		{4252837D-1668-491D-94C2-21597BF38D1A}.Release|x86.Build.0 = Release|Win32
		{A7D5E314-4F21-4202-B0F8-A2092DC58820}.Debug|x64.ActiveCfg = Debug|x64
		{A7D5E314-4F21-4202-B0F8-A2092DC58820}.Debug|x64.Build.0 = Debug|x64
		{A7D5E314-4F21-4202-B0F8-A2092DC58820}.Debug|x86.ActiveCfg = Debug|Win32
		{A7D5E314-4F21-4202-B0F8-A2092DC58820}.Debug|x86.Build.0 = Debug|Win32
		{A7D5E314-4F21-4202-B0F8-A2092DC58820}.Release|x64.ActiveCfg = Release|x64
		{A7D5E314-4F21-4202-B0F8-A2092DC58820}.Release|x64.Build.0 = Release|x64
		{A7D5E314-4F21-4202-B0F8-A2092DC58820}.Release|x86.ActiveCfg = Release|Win32
		{A7D5E314-4F21-4202-B0F8-A2092DC58820}.Release|x86.Build.0 = Release|Win32
		{D034FFCD-1C5B-4175-9D06-41042D52650A}.Debug|x64.ActiveCfg = Debug|x64
		{D034FFCD-1C5B-4175-9D06-41042D52650A}.Debug|x64.Build.0 = Debug|x64
		{D034FFCD-1C5B-4175-9D06-41042D52650A}.Debug|x86.ActiveCfg = Debug|Win32
		{D034FFCD-1C5B-4175-9D06-41042D52650A}.Debug|x86.Build.0 = Debug|Win32
		{D034FFCD-1C5B-4175-9D06-41042D52650A}.Release|x64.ActiveCfg = Release|x64
		{D034FFCD-1C5B-4175-9D06-41042D52650A}.Release|x64.Build.0 = Release|x64
		{D034FFCD-1C5B-4175-9D06-41042D52650A}.Release|x86.ActiveCfg = Release|Win32
		{D034FFCD-1C5B-4175-9D06-41042D52650A}.Release|x86.Build.0 = Release|Win32
		{63AED7C5-4A43-4489-8A4D-CEAF2A39CE66}.Debug|x64.ActiveCfg = Debug|x64
		{63AED7C5-4A43-4489-8A4D-CEAF2A39CE66}.Debug|x64.Build.0 = Debug|x64
		{63AED7C5-4A43-4489-8A4D-CEAF2A39CE66}.Debug|x86.ActiveCfg = Debug|Win32
		{63AED7C5-4A43-4489-8A4D-CEAF2A39CE66}.Debug|x86.Build.0 = Debug|Win32
		{63AED7C5-4A43-4489-8A4D-CEAF2A39CE66}.Release|x64.ActiveCfg = Release|x64
		{63AED7C5-4A43-4489-8A4D-CEAF2A39CE66}.Release|x64.Build.0 = Release|x64
		{63AED7C5-4A43-4489-8A4D-CEAF2A39CE66}.Release|x86.ActiveCfg = Release|Win32
		{63AED7C5-4A43-4489-8A4D-CEAF2A39CE66}.Release|x86.Build.0 = Release|Win32
		{C2C15801-4A55-4E60-B339-B71ED2F87320}.Debug|x64.ActiveCfg = Debug|x64
		{C2C15801-4A55-4E60-B339-B71ED2F87320}.Debug|x64.Build.0 = Debug|x64
		{C2C15801-4A55-4E60-B339-B71ED2F87320}.Debug|x86.ActiveCfg = Debug|Win32
		{C2C15801-4A55-4E60-B339-B71ED2F87320}.Debug|x86.Build.0 = Debug|Win32
		{C2C15801-4A55-4E60-B339-B71ED2F87320}.Release|x64.ActiveCfg = Release|x64
		{C2C15801-4A55-4E60-B339-B71ED2F87320}.Release|x64.Build.0 = Release|x64
		{C2C15801-4A55-4E60-B339-B71ED2F87320}.Release|x86.ActiveCfg = Release|Win32
		{C2C15801-4A55-4E60-B339-B71ED2F87320}.Release|x86.Build.0 = Release|Win32
	EndGlobalSection
	GlobalSection(SolutionProperties) = preSolution
		HideSolutionNode = FALSE
	EndGlobalSection
	GlobalSection(ExtensibilityGlobals) = postSolution
		SolutionGuid = {707E372D-9335-498A-9D5A-28445959A01C}
	EndGlobalSection
EndGlobal
