
Microsoft Visual Studio Solution File, Format Version 12.00
# Visual Studio Version 16
VisualStudioVersion = 16.0.29230.47
MinimumVisualStudioVersion = 10.0.40219.1
Project("{8BC9CEB8-8B4A-11D0-8D11-00A0C91BC942}") = "SimpleAddOne", "SimpleAddOne\SimpleAddOne.vcxproj", "{367873C8-952B-4B0F-8F06-0489B500D8E8}"
EndProject
Project("{8BC9CEB8-8B4A-11D0-8D11-00A0C91BC942}") = "VarDeclAndInit", "VarDeclAndInit\VarDeclAndInit.vcxproj", "{385FDAD0-8E22-4A5B-8437-A103ABB1689B}"
EndProject
Project("{8BC9CEB8-8B4A-11D0-8D11-00A0C91BC942}") = "SimpleAddTwo", "SimpleAddTwo\SimpleAddTwo.vcxproj", "{1FE8C692-BAEC-42D1-BFE4-2C23918244E7}"
EndProject
Project("{8BC9CEB8-8B4A-11D0-8D11-00A0C91BC942}") = "OperatorOne", "OperatorOne\OperatorOne.vcxproj", "{95C4EDBA-2049-4732-8A20-2B306340FEFF}"
EndProject
Project("{8BC9CEB8-8B4A-11D0-8D11-00A0C91BC942}") = "OperatorTwo", "OperatorTwo\OperatorTwo.vcxproj", "{29B10709-8CCE-4F5E-AD7B-D4F000F81883}"
EndProject
Project("{8BC9CEB8-8B4A-11D0-8D11-00A0C91BC942}") = "OperatorThree", "OperatorThree\OperatorThree.vcxproj", "{C0FED758-59EC-4AF9-8C07-EFA727FB397D}"
EndProject
Project("{8BC9CEB8-8B4A-11D0-8D11-00A0C91BC942}") = "OperatorFour", "OperatorFour\OperatorFour.vcxproj", "{910698A4-5ED5-4CF8-854A-2698D9FE056F}"
EndProject
Project("{8BC9CEB8-8B4A-11D0-8D11-00A0C91BC942}") = "OperatorFive", "OperatorFive\OperatorFive.vcxproj", "{38BC40BD-A4CC-4936-8A59-0DECE36903B0}"
EndProject
Project("{8BC9CEB8-8B4A-11D0-8D11-00A0C91BC942}") = "OperatorSix", "OperatorSix\OperatorSix.vcxproj", "{79171C16-4F7B-4BF1-B026-42115CC597F9}"
EndProject
Project("{8BC9CEB8-8B4A-11D0-8D11-00A0C91BC942}") = "OperatorSeven", "OperatorSeven\OperatorSeven.vcxproj", "{FE3C23E5-4B3B-46FC-8C96-7D6CD7436728}"
EndProject
Project("{8BC9CEB8-8B4A-11D0-8D11-00A0C91BC942}") = "CommaOp", "CommaOp\CommaOp.vcxproj", "{050E7029-77F3-4374-BE13-7D2FF4AA7D98}"
EndProject
Project("{8BC9CEB8-8B4A-11D0-8D11-00A0C91BC942}") = "SimpleAddThree", "SimpleAddThree\SimpleAddThree.vcxproj", "{88971F96-7710-499C-ACD2-E022BE2E9FDC}"
EndProject
Project("{8BC9CEB8-8B4A-11D0-8D11-00A0C91BC942}") = "SimpleAddFour", "SimpleAddFour\SimpleAddFour.vcxproj", "{95E4323E-D48D-4C77-BBEE-B85FE2C10325}"
EndProject
Project("{8BC9CEB8-8B4A-11D0-8D11-00A0C91BC942}") = "Question03_1_1", "Question03_1_1\Question03_1_1.vcxproj", "{DBA88CEB-CDE5-4722-8C18-17258F3C72A5}"
EndProject
Project("{8BC9CEB8-8B4A-11D0-8D11-00A0C91BC942}") = "Question03_1_2", "Question03_1_2\Question03_1_2.vcxproj", "{968ED931-7457-4010-86D2-198C007C6A4C}"
EndProject
Project("{8BC9CEB8-8B4A-11D0-8D11-00A0C91BC942}") = "Question03_1_3", "Question03_1_3\Question03_1_3.vcxproj", "{40EA77E4-CF30-4648-A2AD-8990FEAC6E31}"
EndProject
Project("{8BC9CEB8-8B4A-11D0-8D11-00A0C91BC942}") = "Question03_1_4", "Question03_1_4\Question03_1_4.vcxproj", "{A700D250-D329-4E70-A812-A448B57B95E8}"
EndProject
Project("{8BC9CEB8-8B4A-11D0-8D11-00A0C91BC942}") = "Question03_1_5", "Question03_1_5\Question03_1_5.vcxproj", "{C96EBD40-89B9-471C-9AB4-5348B882D0DE}"
EndProject
Global
	GlobalSection(SolutionConfigurationPlatforms) = preSolution
		Debug|x64 = Debug|x64
		Debug|x86 = Debug|x86
		Release|x64 = Release|x64
		Release|x86 = Release|x86
	EndGlobalSection
	GlobalSection(ProjectConfigurationPlatforms) = postSolution
		{367873C8-952B-4B0F-8F06-0489B500D8E8}.Debug|x64.ActiveCfg = Debug|x64
		{367873C8-952B-4B0F-8F06-0489B500D8E8}.Debug|x64.Build.0 = Debug|x64
		{367873C8-952B-4B0F-8F06-0489B500D8E8}.Debug|x86.ActiveCfg = Debug|Win32
		{367873C8-952B-4B0F-8F06-0489B500D8E8}.Debug|x86.Build.0 = Debug|Win32
		{367873C8-952B-4B0F-8F06-0489B500D8E8}.Release|x64.ActiveCfg = Release|x64
		{367873C8-952B-4B0F-8F06-0489B500D8E8}.Release|x64.Build.0 = Release|x64
		{367873C8-952B-4B0F-8F06-0489B500D8E8}.Release|x86.ActiveCfg = Release|Win32
		{367873C8-952B-4B0F-8F06-0489B500D8E8}.Release|x86.Build.0 = Release|Win32
		{385FDAD0-8E22-4A5B-8437-A103ABB1689B}.Debug|x64.ActiveCfg = Debug|x64
		{385FDAD0-8E22-4A5B-8437-A103ABB1689B}.Debug|x64.Build.0 = Debug|x64
		{385FDAD0-8E22-4A5B-8437-A103ABB1689B}.Debug|x86.ActiveCfg = Debug|Win32
		{385FDAD0-8E22-4A5B-8437-A103ABB1689B}.Debug|x86.Build.0 = Debug|Win32
		{385FDAD0-8E22-4A5B-8437-A103ABB1689B}.Release|x64.ActiveCfg = Release|x64
		{385FDAD0-8E22-4A5B-8437-A103ABB1689B}.Release|x64.Build.0 = Release|x64
		{385FDAD0-8E22-4A5B-8437-A103ABB1689B}.Release|x86.ActiveCfg = Release|Win32
		{385FDAD0-8E22-4A5B-8437-A103ABB1689B}.Release|x86.Build.0 = Release|Win32
		{1FE8C692-BAEC-42D1-BFE4-2C23918244E7}.Debug|x64.ActiveCfg = Debug|x64
		{1FE8C692-BAEC-42D1-BFE4-2C23918244E7}.Debug|x64.Build.0 = Debug|x64
		{1FE8C692-BAEC-42D1-BFE4-2C23918244E7}.Debug|x86.ActiveCfg = Debug|Win32
		{1FE8C692-BAEC-42D1-BFE4-2C23918244E7}.Debug|x86.Build.0 = Debug|Win32
		{1FE8C692-BAEC-42D1-BFE4-2C23918244E7}.Release|x64.ActiveCfg = Release|x64
		{1FE8C692-BAEC-42D1-BFE4-2C23918244E7}.Release|x64.Build.0 = Release|x64
		{1FE8C692-BAEC-42D1-BFE4-2C23918244E7}.Release|x86.ActiveCfg = Release|Win32
		{1FE8C692-BAEC-42D1-BFE4-2C23918244E7}.Release|x86.Build.0 = Release|Win32
		{95C4EDBA-2049-4732-8A20-2B306340FEFF}.Debug|x64.ActiveCfg = Debug|x64
		{95C4EDBA-2049-4732-8A20-2B306340FEFF}.Debug|x64.Build.0 = Debug|x64
		{95C4EDBA-2049-4732-8A20-2B306340FEFF}.Debug|x86.ActiveCfg = Debug|Win32
		{95C4EDBA-2049-4732-8A20-2B306340FEFF}.Debug|x86.Build.0 = Debug|Win32
		{95C4EDBA-2049-4732-8A20-2B306340FEFF}.Release|x64.ActiveCfg = Release|x64
		{95C4EDBA-2049-4732-8A20-2B306340FEFF}.Release|x64.Build.0 = Release|x64
		{95C4EDBA-2049-4732-8A20-2B306340FEFF}.Release|x86.ActiveCfg = Release|Win32
		{95C4EDBA-2049-4732-8A20-2B306340FEFF}.Release|x86.Build.0 = Release|Win32
		{29B10709-8CCE-4F5E-AD7B-D4F000F81883}.Debug|x64.ActiveCfg = Debug|x64
		{29B10709-8CCE-4F5E-AD7B-D4F000F81883}.Debug|x64.Build.0 = Debug|x64
		{29B10709-8CCE-4F5E-AD7B-D4F000F81883}.Debug|x86.ActiveCfg = Debug|Win32
		{29B10709-8CCE-4F5E-AD7B-D4F000F81883}.Debug|x86.Build.0 = Debug|Win32
		{29B10709-8CCE-4F5E-AD7B-D4F000F81883}.Release|x64.ActiveCfg = Release|x64
		{29B10709-8CCE-4F5E-AD7B-D4F000F81883}.Release|x64.Build.0 = Release|x64
		{29B10709-8CCE-4F5E-AD7B-D4F000F81883}.Release|x86.ActiveCfg = Release|Win32
		{29B10709-8CCE-4F5E-AD7B-D4F000F81883}.Release|x86.Build.0 = Release|Win32
		{C0FED758-59EC-4AF9-8C07-EFA727FB397D}.Debug|x64.ActiveCfg = Debug|x64
		{C0FED758-59EC-4AF9-8C07-EFA727FB397D}.Debug|x64.Build.0 = Debug|x64
		{C0FED758-59EC-4AF9-8C07-EFA727FB397D}.Debug|x86.ActiveCfg = Debug|Win32
		{C0FED758-59EC-4AF9-8C07-EFA727FB397D}.Debug|x86.Build.0 = Debug|Win32
		{C0FED758-59EC-4AF9-8C07-EFA727FB397D}.Release|x64.ActiveCfg = Release|x64
		{C0FED758-59EC-4AF9-8C07-EFA727FB397D}.Release|x64.Build.0 = Release|x64
		{C0FED758-59EC-4AF9-8C07-EFA727FB397D}.Release|x86.ActiveCfg = Release|Win32
		{C0FED758-59EC-4AF9-8C07-EFA727FB397D}.Release|x86.Build.0 = Release|Win32
		{910698A4-5ED5-4CF8-854A-2698D9FE056F}.Debug|x64.ActiveCfg = Debug|x64
		{910698A4-5ED5-4CF8-854A-2698D9FE056F}.Debug|x64.Build.0 = Debug|x64
		{910698A4-5ED5-4CF8-854A-2698D9FE056F}.Debug|x86.ActiveCfg = Debug|Win32
		{910698A4-5ED5-4CF8-854A-2698D9FE056F}.Debug|x86.Build.0 = Debug|Win32
		{910698A4-5ED5-4CF8-854A-2698D9FE056F}.Release|x64.ActiveCfg = Release|x64
		{910698A4-5ED5-4CF8-854A-2698D9FE056F}.Release|x64.Build.0 = Release|x64
		{910698A4-5ED5-4CF8-854A-2698D9FE056F}.Release|x86.ActiveCfg = Release|Win32
		{910698A4-5ED5-4CF8-854A-2698D9FE056F}.Release|x86.Build.0 = Release|Win32
		{38BC40BD-A4CC-4936-8A59-0DECE36903B0}.Debug|x64.ActiveCfg = Debug|x64
		{38BC40BD-A4CC-4936-8A59-0DECE36903B0}.Debug|x64.Build.0 = Debug|x64
		{38BC40BD-A4CC-4936-8A59-0DECE36903B0}.Debug|x86.ActiveCfg = Debug|Win32
		{38BC40BD-A4CC-4936-8A59-0DECE36903B0}.Debug|x86.Build.0 = Debug|Win32
		{38BC40BD-A4CC-4936-8A59-0DECE36903B0}.Release|x64.ActiveCfg = Release|x64
		{38BC40BD-A4CC-4936-8A59-0DECE36903B0}.Release|x64.Build.0 = Release|x64
		{38BC40BD-A4CC-4936-8A59-0DECE36903B0}.Release|x86.ActiveCfg = Release|Win32
		{38BC40BD-A4CC-4936-8A59-0DECE36903B0}.Release|x86.Build.0 = Release|Win32
		{79171C16-4F7B-4BF1-B026-42115CC597F9}.Debug|x64.ActiveCfg = Debug|x64
		{79171C16-4F7B-4BF1-B026-42115CC597F9}.Debug|x64.Build.0 = Debug|x64
		{79171C16-4F7B-4BF1-B026-42115CC597F9}.Debug|x86.ActiveCfg = Debug|Win32
		{79171C16-4F7B-4BF1-B026-42115CC597F9}.Debug|x86.Build.0 = Debug|Win32
		{79171C16-4F7B-4BF1-B026-42115CC597F9}.Release|x64.ActiveCfg = Release|x64
		{79171C16-4F7B-4BF1-B026-42115CC597F9}.Release|x64.Build.0 = Release|x64
		{79171C16-4F7B-4BF1-B026-42115CC597F9}.Release|x86.ActiveCfg = Release|Win32
		{79171C16-4F7B-4BF1-B026-42115CC597F9}.Release|x86.Build.0 = Release|Win32
		{FE3C23E5-4B3B-46FC-8C96-7D6CD7436728}.Debug|x64.ActiveCfg = Debug|x64
		{FE3C23E5-4B3B-46FC-8C96-7D6CD7436728}.Debug|x64.Build.0 = Debug|x64
		{FE3C23E5-4B3B-46FC-8C96-7D6CD7436728}.Debug|x86.ActiveCfg = Debug|Win32
		{FE3C23E5-4B3B-46FC-8C96-7D6CD7436728}.Debug|x86.Build.0 = Debug|Win32
		{FE3C23E5-4B3B-46FC-8C96-7D6CD7436728}.Release|x64.ActiveCfg = Release|x64
		{FE3C23E5-4B3B-46FC-8C96-7D6CD7436728}.Release|x64.Build.0 = Release|x64
		{FE3C23E5-4B3B-46FC-8C96-7D6CD7436728}.Release|x86.ActiveCfg = Release|Win32
		{FE3C23E5-4B3B-46FC-8C96-7D6CD7436728}.Release|x86.Build.0 = Release|Win32
		{050E7029-77F3-4374-BE13-7D2FF4AA7D98}.Debug|x64.ActiveCfg = Debug|x64
		{050E7029-77F3-4374-BE13-7D2FF4AA7D98}.Debug|x64.Build.0 = Debug|x64
		{050E7029-77F3-4374-BE13-7D2FF4AA7D98}.Debug|x86.ActiveCfg = Debug|Win32
		{050E7029-77F3-4374-BE13-7D2FF4AA7D98}.Debug|x86.Build.0 = Debug|Win32
		{050E7029-77F3-4374-BE13-7D2FF4AA7D98}.Release|x64.ActiveCfg = Release|x64
		{050E7029-77F3-4374-BE13-7D2FF4AA7D98}.Release|x64.Build.0 = Release|x64
		{050E7029-77F3-4374-BE13-7D2FF4AA7D98}.Release|x86.ActiveCfg = Release|Win32
		{050E7029-77F3-4374-BE13-7D2FF4AA7D98}.Release|x86.Build.0 = Release|Win32
		{88971F96-7710-499C-ACD2-E022BE2E9FDC}.Debug|x64.ActiveCfg = Debug|x64
		{88971F96-7710-499C-ACD2-E022BE2E9FDC}.Debug|x64.Build.0 = Debug|x64
		{88971F96-7710-499C-ACD2-E022BE2E9FDC}.Debug|x86.ActiveCfg = Debug|Win32
		{88971F96-7710-499C-ACD2-E022BE2E9FDC}.Debug|x86.Build.0 = Debug|Win32
		{88971F96-7710-499C-ACD2-E022BE2E9FDC}.Release|x64.ActiveCfg = Release|x64
		{88971F96-7710-499C-ACD2-E022BE2E9FDC}.Release|x64.Build.0 = Release|x64
		{88971F96-7710-499C-ACD2-E022BE2E9FDC}.Release|x86.ActiveCfg = Release|Win32
		{88971F96-7710-499C-ACD2-E022BE2E9FDC}.Release|x86.Build.0 = Release|Win32
		{95E4323E-D48D-4C77-BBEE-B85FE2C10325}.Debug|x64.ActiveCfg = Debug|x64
		{95E4323E-D48D-4C77-BBEE-B85FE2C10325}.Debug|x64.Build.0 = Debug|x64
		{95E4323E-D48D-4C77-BBEE-B85FE2C10325}.Debug|x86.ActiveCfg = Debug|Win32
		{95E4323E-D48D-4C77-BBEE-B85FE2C10325}.Debug|x86.Build.0 = Debug|Win32
		{95E4323E-D48D-4C77-BBEE-B85FE2C10325}.Release|x64.ActiveCfg = Release|x64
		{95E4323E-D48D-4C77-BBEE-B85FE2C10325}.Release|x64.Build.0 = Release|x64
		{95E4323E-D48D-4C77-BBEE-B85FE2C10325}.Release|x86.ActiveCfg = Release|Win32
		{95E4323E-D48D-4C77-BBEE-B85FE2C10325}.Release|x86.Build.0 = Release|Win32
		{DBA88CEB-CDE5-4722-8C18-17258F3C72A5}.Debug|x64.ActiveCfg = Debug|x64
		{DBA88CEB-CDE5-4722-8C18-17258F3C72A5}.Debug|x64.Build.0 = Debug|x64
		{DBA88CEB-CDE5-4722-8C18-17258F3C72A5}.Debug|x86.ActiveCfg = Debug|Win32
		{DBA88CEB-CDE5-4722-8C18-17258F3C72A5}.Debug|x86.Build.0 = Debug|Win32
		{DBA88CEB-CDE5-4722-8C18-17258F3C72A5}.Release|x64.ActiveCfg = Release|x64
		{DBA88CEB-CDE5-4722-8C18-17258F3C72A5}.Release|x64.Build.0 = Release|x64
		{DBA88CEB-CDE5-4722-8C18-17258F3C72A5}.Release|x86.ActiveCfg = Release|Win32
		{DBA88CEB-CDE5-4722-8C18-17258F3C72A5}.Release|x86.Build.0 = Release|Win32
		{968ED931-7457-4010-86D2-198C007C6A4C}.Debug|x64.ActiveCfg = Debug|x64
		{968ED931-7457-4010-86D2-198C007C6A4C}.Debug|x64.Build.0 = Debug|x64
		{968ED931-7457-4010-86D2-198C007C6A4C}.Debug|x86.ActiveCfg = Debug|Win32
		{968ED931-7457-4010-86D2-198C007C6A4C}.Debug|x86.Build.0 = Debug|Win32
		{968ED931-7457-4010-86D2-198C007C6A4C}.Release|x64.ActiveCfg = Release|x64
		{968ED931-7457-4010-86D2-198C007C6A4C}.Release|x64.Build.0 = Release|x64
		{968ED931-7457-4010-86D2-198C007C6A4C}.Release|x86.ActiveCfg = Release|Win32
		{968ED931-7457-4010-86D2-198C007C6A4C}.Release|x86.Build.0 = Release|Win32
		{40EA77E4-CF30-4648-A2AD-8990FEAC6E31}.Debug|x64.ActiveCfg = Debug|x64
		{40EA77E4-CF30-4648-A2AD-8990FEAC6E31}.Debug|x64.Build.0 = Debug|x64
		{40EA77E4-CF30-4648-A2AD-8990FEAC6E31}.Debug|x86.ActiveCfg = Debug|Win32
		{40EA77E4-CF30-4648-A2AD-8990FEAC6E31}.Debug|x86.Build.0 = Debug|Win32
		{40EA77E4-CF30-4648-A2AD-8990FEAC6E31}.Release|x64.ActiveCfg = Release|x64
		{40EA77E4-CF30-4648-A2AD-8990FEAC6E31}.Release|x64.Build.0 = Release|x64
		{40EA77E4-CF30-4648-A2AD-8990FEAC6E31}.Release|x86.ActiveCfg = Release|Win32
		{40EA77E4-CF30-4648-A2AD-8990FEAC6E31}.Release|x86.Build.0 = Release|Win32
		{A700D250-D329-4E70-A812-A448B57B95E8}.Debug|x64.ActiveCfg = Debug|x64
		{A700D250-D329-4E70-A812-A448B57B95E8}.Debug|x64.Build.0 = Debug|x64
		{A700D250-D329-4E70-A812-A448B57B95E8}.Debug|x86.ActiveCfg = Debug|Win32
		{A700D250-D329-4E70-A812-A448B57B95E8}.Debug|x86.Build.0 = Debug|Win32
		{A700D250-D329-4E70-A812-A448B57B95E8}.Release|x64.ActiveCfg = Release|x64
		{A700D250-D329-4E70-A812-A448B57B95E8}.Release|x64.Build.0 = Release|x64
		{A700D250-D329-4E70-A812-A448B57B95E8}.Release|x86.ActiveCfg = Release|Win32
		{A700D250-D329-4E70-A812-A448B57B95E8}.Release|x86.Build.0 = Release|Win32
		{C96EBD40-89B9-471C-9AB4-5348B882D0DE}.Debug|x64.ActiveCfg = Debug|x64
		{C96EBD40-89B9-471C-9AB4-5348B882D0DE}.Debug|x64.Build.0 = Debug|x64
		{C96EBD40-89B9-471C-9AB4-5348B882D0DE}.Debug|x86.ActiveCfg = Debug|Win32
		{C96EBD40-89B9-471C-9AB4-5348B882D0DE}.Debug|x86.Build.0 = Debug|Win32
		{C96EBD40-89B9-471C-9AB4-5348B882D0DE}.Release|x64.ActiveCfg = Release|x64
		{C96EBD40-89B9-471C-9AB4-5348B882D0DE}.Release|x64.Build.0 = Release|x64
		{C96EBD40-89B9-471C-9AB4-5348B882D0DE}.Release|x86.ActiveCfg = Release|Win32
		{C96EBD40-89B9-471C-9AB4-5348B882D0DE}.Release|x86.Build.0 = Release|Win32
	EndGlobalSection
	GlobalSection(SolutionProperties) = preSolution
		HideSolutionNode = FALSE
	EndGlobalSection
	GlobalSection(ExtensibilityGlobals) = postSolution
		SolutionGuid = {FA73FEC4-84F8-4A80-873C-E545CECADF41}
	EndGlobalSection
EndGlobal
